// !$*UTF8*$!
{
	archiveVersion = 1;
	classes = {
	};
	objectVersion = 50;
	objects = {

/* Begin PBXBuildFile section */
		B4AA577CD01E1CBFEE93B025 /* Pods_WPay.framework in Frameworks */ = {isa = PBXBuildFile; fileRef = 8315170839F21D55B856B083 /* Pods_WPay.framework */; };
		C4938A7DA0CB53194A99F979 /* Pods_WPayUITests.framework in Frameworks */ = {isa = PBXBuildFile; fileRef = 465A9FF257B588BD608FA6D8 /* Pods_WPayUITests.framework */; };
		C52142CFC6CBB5A2FF2B7DD3 /* Pods_WPayTests.framework in Frameworks */ = {isa = PBXBuildFile; fileRef = 2E022151A0D1C278FF7F14A0 /* Pods_WPayTests.framework */; };
		EDAC3E50214BF09F00CD6CC4 /* AppDelegate.swift in Sources */ = {isa = PBXBuildFile; fileRef = EDAC3E4F214BF09F00CD6CC4 /* AppDelegate.swift */; };
		EDAC3E52214BF09F00CD6CC4 /* ViewController.swift in Sources */ = {isa = PBXBuildFile; fileRef = EDAC3E51214BF09F00CD6CC4 /* ViewController.swift */; };
		EDAC3E55214BF09F00CD6CC4 /* Main.storyboard in Resources */ = {isa = PBXBuildFile; fileRef = EDAC3E53214BF09F00CD6CC4 /* Main.storyboard */; };
		EDAC3E57214BF0A000CD6CC4 /* Assets.xcassets in Resources */ = {isa = PBXBuildFile; fileRef = EDAC3E56214BF0A000CD6CC4 /* Assets.xcassets */; };
		EDAC3E5A214BF0A000CD6CC4 /* LaunchScreen.storyboard in Resources */ = {isa = PBXBuildFile; fileRef = EDAC3E58214BF0A000CD6CC4 /* LaunchScreen.storyboard */; };
		EDAC3E65214BF0A000CD6CC4 /* WPayTests.swift in Sources */ = {isa = PBXBuildFile; fileRef = EDAC3E64214BF0A000CD6CC4 /* WPayTests.swift */; };
		EDAC3E70214BF0A000CD6CC4 /* WPayUITests.swift in Sources */ = {isa = PBXBuildFile; fileRef = EDAC3E6F214BF0A000CD6CC4 /* WPayUITests.swift */; };
/* End PBXBuildFile section */

/* Begin PBXContainerItemProxy section */
		EDAC3E61214BF0A000CD6CC4 /* PBXContainerItemProxy */ = {
			isa = PBXContainerItemProxy;
			containerPortal = EDAC3E44214BF09F00CD6CC4 /* Project object */;
			proxyType = 1;
			remoteGlobalIDString = EDAC3E4B214BF09F00CD6CC4;
			remoteInfo = WPay;
		};
		EDAC3E6C214BF0A000CD6CC4 /* PBXContainerItemProxy */ = {
			isa = PBXContainerItemProxy;
			containerPortal = EDAC3E44214BF09F00CD6CC4 /* Project object */;
			proxyType = 1;
			remoteGlobalIDString = EDAC3E4B214BF09F00CD6CC4;
			remoteInfo = WPay;
		};
/* End PBXContainerItemProxy section */

/* Begin PBXFileReference section */
		2E022151A0D1C278FF7F14A0 /* Pods_WPayTests.framework */ = {isa = PBXFileReference; explicitFileType = wrapper.framework; includeInIndex = 0; path = Pods_WPayTests.framework; sourceTree = BUILT_PRODUCTS_DIR; };
		36582F1FCE38C53E64B06167 /* Pods-WPay.release.xcconfig */ = {isa = PBXFileReference; includeInIndex = 1; lastKnownFileType = text.xcconfig; name = "Pods-WPay.release.xcconfig"; path = "Pods/Target Support Files/Pods-WPay/Pods-WPay.release.xcconfig"; sourceTree = "<group>"; };
		44927DD11EE086AB80EDEC9E /* Pods-WPayTests.debug.xcconfig */ = {isa = PBXFileReference; includeInIndex = 1; lastKnownFileType = text.xcconfig; name = "Pods-WPayTests.debug.xcconfig"; path = "Pods/Target Support Files/Pods-WPayTests/Pods-WPayTests.debug.xcconfig"; sourceTree = "<group>"; };
		465A9FF257B588BD608FA6D8 /* Pods_WPayUITests.framework */ = {isa = PBXFileReference; explicitFileType = wrapper.framework; includeInIndex = 0; path = Pods_WPayUITests.framework; sourceTree = BUILT_PRODUCTS_DIR; };
		53405559066EE0C084B48C24 /* Pods-WPayTests.release.xcconfig */ = {isa = PBXFileReference; includeInIndex = 1; lastKnownFileType = text.xcconfig; name = "Pods-WPayTests.release.xcconfig"; path = "Pods/Target Support Files/Pods-WPayTests/Pods-WPayTests.release.xcconfig"; sourceTree = "<group>"; };
		8315170839F21D55B856B083 /* Pods_WPay.framework */ = {isa = PBXFileReference; explicitFileType = wrapper.framework; includeInIndex = 0; path = Pods_WPay.framework; sourceTree = BUILT_PRODUCTS_DIR; };
		BB481FCB2F741CE56B806168 /* Pods-WPay.debug.xcconfig */ = {isa = PBXFileReference; includeInIndex = 1; lastKnownFileType = text.xcconfig; name = "Pods-WPay.debug.xcconfig"; path = "Pods/Target Support Files/Pods-WPay/Pods-WPay.debug.xcconfig"; sourceTree = "<group>"; };
		CD126FEE73E33C135D3342CF /* Pods-WPayUITests.release.xcconfig */ = {isa = PBXFileReference; includeInIndex = 1; lastKnownFileType = text.xcconfig; name = "Pods-WPayUITests.release.xcconfig"; path = "Pods/Target Support Files/Pods-WPayUITests/Pods-WPayUITests.release.xcconfig"; sourceTree = "<group>"; };
		EDAC3E4C214BF09F00CD6CC4 /* WPay.app */ = {isa = PBXFileReference; explicitFileType = wrapper.application; includeInIndex = 0; path = WPay.app; sourceTree = BUILT_PRODUCTS_DIR; };
		EDAC3E4F214BF09F00CD6CC4 /* AppDelegate.swift */ = {isa = PBXFileReference; lastKnownFileType = sourcecode.swift; path = AppDelegate.swift; sourceTree = "<group>"; };
		EDAC3E51214BF09F00CD6CC4 /* ViewController.swift */ = {isa = PBXFileReference; lastKnownFileType = sourcecode.swift; path = ViewController.swift; sourceTree = "<group>"; };
		EDAC3E54214BF09F00CD6CC4 /* Base */ = {isa = PBXFileReference; lastKnownFileType = file.storyboard; name = Base; path = Base.lproj/Main.storyboard; sourceTree = "<group>"; };
		EDAC3E56214BF0A000CD6CC4 /* Assets.xcassets */ = {isa = PBXFileReference; lastKnownFileType = folder.assetcatalog; path = Assets.xcassets; sourceTree = "<group>"; };
		EDAC3E59214BF0A000CD6CC4 /* Base */ = {isa = PBXFileReference; lastKnownFileType = file.storyboard; name = Base; path = Base.lproj/LaunchScreen.storyboard; sourceTree = "<group>"; };
		EDAC3E5B214BF0A000CD6CC4 /* Info.plist */ = {isa = PBXFileReference; lastKnownFileType = text.plist.xml; path = Info.plist; sourceTree = "<group>"; };
		EDAC3E60214BF0A000CD6CC4 /* WPayTests.xctest */ = {isa = PBXFileReference; explicitFileType = wrapper.cfbundle; includeInIndex = 0; path = WPayTests.xctest; sourceTree = BUILT_PRODUCTS_DIR; };
		EDAC3E64214BF0A000CD6CC4 /* WPayTests.swift */ = {isa = PBXFileReference; lastKnownFileType = sourcecode.swift; path = WPayTests.swift; sourceTree = "<group>"; };
		EDAC3E66214BF0A000CD6CC4 /* Info.plist */ = {isa = PBXFileReference; lastKnownFileType = text.plist.xml; path = Info.plist; sourceTree = "<group>"; };
		EDAC3E6B214BF0A000CD6CC4 /* WPayUITests.xctest */ = {isa = PBXFileReference; explicitFileType = wrapper.cfbundle; includeInIndex = 0; path = WPayUITests.xctest; sourceTree = BUILT_PRODUCTS_DIR; };
		EDAC3E6F214BF0A000CD6CC4 /* WPayUITests.swift */ = {isa = PBXFileReference; lastKnownFileType = sourcecode.swift; path = WPayUITests.swift; sourceTree = "<group>"; };
		EDAC3E71214BF0A000CD6CC4 /* Info.plist */ = {isa = PBXFileReference; lastKnownFileType = text.plist.xml; path = Info.plist; sourceTree = "<group>"; };
		FEDCB9B4C83FED8484AE56E2 /* Pods-WPayUITests.debug.xcconfig */ = {isa = PBXFileReference; includeInIndex = 1; lastKnownFileType = text.xcconfig; name = "Pods-WPayUITests.debug.xcconfig"; path = "Pods/Target Support Files/Pods-WPayUITests/Pods-WPayUITests.debug.xcconfig"; sourceTree = "<group>"; };
/* End PBXFileReference section */

/* Begin PBXFrameworksBuildPhase section */
		EDAC3E49214BF09F00CD6CC4 /* Frameworks */ = {
			isa = PBXFrameworksBuildPhase;
			buildActionMask = 2147483647;
			files = (
				B4AA577CD01E1CBFEE93B025 /* Pods_WPay.framework in Frameworks */,
			);
			runOnlyForDeploymentPostprocessing = 0;
		};
		EDAC3E5D214BF0A000CD6CC4 /* Frameworks */ = {
			isa = PBXFrameworksBuildPhase;
			buildActionMask = 2147483647;
			files = (
				C52142CFC6CBB5A2FF2B7DD3 /* Pods_WPayTests.framework in Frameworks */,
			);
			runOnlyForDeploymentPostprocessing = 0;
		};
		EDAC3E68214BF0A000CD6CC4 /* Frameworks */ = {
			isa = PBXFrameworksBuildPhase;
			buildActionMask = 2147483647;
			files = (
				C4938A7DA0CB53194A99F979 /* Pods_WPayUITests.framework in Frameworks */,
			);
			runOnlyForDeploymentPostprocessing = 0;
		};
/* End PBXFrameworksBuildPhase section */

/* Begin PBXGroup section */
		2CC42395C1C4F687A5DF3DDD /* Pods */ = {
			isa = PBXGroup;
			children = (
				BB481FCB2F741CE56B806168 /* Pods-WPay.debug.xcconfig */,
				36582F1FCE38C53E64B06167 /* Pods-WPay.release.xcconfig */,
				44927DD11EE086AB80EDEC9E /* Pods-WPayTests.debug.xcconfig */,
				53405559066EE0C084B48C24 /* Pods-WPayTests.release.xcconfig */,
				FEDCB9B4C83FED8484AE56E2 /* Pods-WPayUITests.debug.xcconfig */,
				CD126FEE73E33C135D3342CF /* Pods-WPayUITests.release.xcconfig */,
			);
			name = Pods;
			sourceTree = "<group>";
		};
		92C1D66DC4F71DA3799C21B1 /* Frameworks */ = {
			isa = PBXGroup;
			children = (
				8315170839F21D55B856B083 /* Pods_WPay.framework */,
				2E022151A0D1C278FF7F14A0 /* Pods_WPayTests.framework */,
				465A9FF257B588BD608FA6D8 /* Pods_WPayUITests.framework */,
			);
			name = Frameworks;
			sourceTree = "<group>";
		};
		EDAC3E43214BF09F00CD6CC4 = {
			isa = PBXGroup;
			children = (
				EDAC3E4E214BF09F00CD6CC4 /* WPay */,
				EDAC3E63214BF0A000CD6CC4 /* WPayTests */,
				EDAC3E6E214BF0A000CD6CC4 /* WPayUITests */,
				EDAC3E4D214BF09F00CD6CC4 /* Products */,
				2CC42395C1C4F687A5DF3DDD /* Pods */,
				92C1D66DC4F71DA3799C21B1 /* Frameworks */,
			);
			sourceTree = "<group>";
		};
		EDAC3E4D214BF09F00CD6CC4 /* Products */ = {
			isa = PBXGroup;
			children = (
				EDAC3E4C214BF09F00CD6CC4 /* WPay.app */,
				EDAC3E60214BF0A000CD6CC4 /* WPayTests.xctest */,
				EDAC3E6B214BF0A000CD6CC4 /* WPayUITests.xctest */,
			);
			name = Products;
			sourceTree = "<group>";
		};
		EDAC3E4E214BF09F00CD6CC4 /* WPay */ = {
			isa = PBXGroup;
			children = (
				EDAC3E4F214BF09F00CD6CC4 /* AppDelegate.swift */,
				EDAC3E51214BF09F00CD6CC4 /* ViewController.swift */,
				EDAC3E53214BF09F00CD6CC4 /* Main.storyboard */,
				EDAC3E56214BF0A000CD6CC4 /* Assets.xcassets */,
				EDAC3E58214BF0A000CD6CC4 /* LaunchScreen.storyboard */,
				EDAC3E5B214BF0A000CD6CC4 /* Info.plist */,
			);
			path = WPay;
			sourceTree = "<group>";
		};
		EDAC3E63214BF0A000CD6CC4 /* WPayTests */ = {
			isa = PBXGroup;
			children = (
				EDAC3E64214BF0A000CD6CC4 /* WPayTests.swift */,
				EDAC3E66214BF0A000CD6CC4 /* Info.plist */,
			);
			path = WPayTests;
			sourceTree = "<group>";
		};
		EDAC3E6E214BF0A000CD6CC4 /* WPayUITests */ = {
			isa = PBXGroup;
			children = (
				EDAC3E6F214BF0A000CD6CC4 /* WPayUITests.swift */,
				EDAC3E71214BF0A000CD6CC4 /* Info.plist */,
			);
			path = WPayUITests;
			sourceTree = "<group>";
		};
/* End PBXGroup section */

/* Begin PBXNativeTarget section */
		EDAC3E4B214BF09F00CD6CC4 /* WPay */ = {
			isa = PBXNativeTarget;
			buildConfigurationList = EDAC3E74214BF0A000CD6CC4 /* Build configuration list for PBXNativeTarget "WPay" */;
			buildPhases = (
				5034BAAB8CC902DF2C115C64 /* [CP] Check Pods Manifest.lock */,
				EDAC3E48214BF09F00CD6CC4 /* Sources */,
				EDAC3E49214BF09F00CD6CC4 /* Frameworks */,
				EDAC3E4A214BF09F00CD6CC4 /* Resources */,
				871080746388FC9574946CDD /* [CP] Embed Pods Frameworks */,
			);
			buildRules = (
			);
			dependencies = (
			);
			name = WPay;
			productName = WPay;
			productReference = EDAC3E4C214BF09F00CD6CC4 /* WPay.app */;
			productType = "com.apple.product-type.application";
		};
		EDAC3E5F214BF0A000CD6CC4 /* WPayTests */ = {
			isa = PBXNativeTarget;
			buildConfigurationList = EDAC3E77214BF0A000CD6CC4 /* Build configuration list for PBXNativeTarget "WPayTests" */;
			buildPhases = (
				0B300AD651901F5E0918E59B /* [CP] Check Pods Manifest.lock */,
				EDAC3E5C214BF0A000CD6CC4 /* Sources */,
				EDAC3E5D214BF0A000CD6CC4 /* Frameworks */,
				EDAC3E5E214BF0A000CD6CC4 /* Resources */,
			);
			buildRules = (
			);
			dependencies = (
				EDAC3E62214BF0A000CD6CC4 /* PBXTargetDependency */,
			);
			name = WPayTests;
			productName = WPayTests;
			productReference = EDAC3E60214BF0A000CD6CC4 /* WPayTests.xctest */;
			productType = "com.apple.product-type.bundle.unit-test";
		};
		EDAC3E6A214BF0A000CD6CC4 /* WPayUITests */ = {
			isa = PBXNativeTarget;
			buildConfigurationList = EDAC3E7A214BF0A000CD6CC4 /* Build configuration list for PBXNativeTarget "WPayUITests" */;
			buildPhases = (
				01126F943604445F3ADF216B /* [CP] Check Pods Manifest.lock */,
				EDAC3E67214BF0A000CD6CC4 /* Sources */,
				EDAC3E68214BF0A000CD6CC4 /* Frameworks */,
				EDAC3E69214BF0A000CD6CC4 /* Resources */,
			);
			buildRules = (
			);
			dependencies = (
				EDAC3E6D214BF0A000CD6CC4 /* PBXTargetDependency */,
			);
			name = WPayUITests;
			productName = WPayUITests;
			productReference = EDAC3E6B214BF0A000CD6CC4 /* WPayUITests.xctest */;
			productType = "com.apple.product-type.bundle.ui-testing";
		};
/* End PBXNativeTarget section */

/* Begin PBXProject section */
		EDAC3E44214BF09F00CD6CC4 /* Project object */ = {
			isa = PBXProject;
			attributes = {
				LastSwiftUpdateCheck = 0940;
				LastUpgradeCheck = 0940;
				ORGANIZATIONNAME = iLabs;
				TargetAttributes = {
					EDAC3E4B214BF09F00CD6CC4 = {
						CreatedOnToolsVersion = 9.4.1;
					};
					EDAC3E5F214BF0A000CD6CC4 = {
						CreatedOnToolsVersion = 9.4.1;
						TestTargetID = EDAC3E4B214BF09F00CD6CC4;
					};
					EDAC3E6A214BF0A000CD6CC4 = {
						CreatedOnToolsVersion = 9.4.1;
						TestTargetID = EDAC3E4B214BF09F00CD6CC4;
					};
				};
			};
			buildConfigurationList = EDAC3E47214BF09F00CD6CC4 /* Build configuration list for PBXProject "WPay" */;
			compatibilityVersion = "Xcode 9.3";
			developmentRegion = en;
			hasScannedForEncodings = 0;
			knownRegions = (
				en,
				Base,
			);
			mainGroup = EDAC3E43214BF09F00CD6CC4;
			productRefGroup = EDAC3E4D214BF09F00CD6CC4 /* Products */;
			projectDirPath = "";
			projectRoot = "";
			targets = (
				EDAC3E4B214BF09F00CD6CC4 /* WPay */,
				EDAC3E5F214BF0A000CD6CC4 /* WPayTests */,
				EDAC3E6A214BF0A000CD6CC4 /* WPayUITests */,
			);
		};
/* End PBXProject section */

/* Begin PBXResourcesBuildPhase section */
		EDAC3E4A214BF09F00CD6CC4 /* Resources */ = {
			isa = PBXResourcesBuildPhase;
			buildActionMask = 2147483647;
			files = (
				EDAC3E5A214BF0A000CD6CC4 /* LaunchScreen.storyboard in Resources */,
				EDAC3E57214BF0A000CD6CC4 /* Assets.xcassets in Resources */,
				EDAC3E55214BF09F00CD6CC4 /* Main.storyboard in Resources */,
			);
			runOnlyForDeploymentPostprocessing = 0;
		};
		EDAC3E5E214BF0A000CD6CC4 /* Resources */ = {
			isa = PBXResourcesBuildPhase;
			buildActionMask = 2147483647;
			files = (
			);
			runOnlyForDeploymentPostprocessing = 0;
		};
		EDAC3E69214BF0A000CD6CC4 /* Resources */ = {
			isa = PBXResourcesBuildPhase;
			buildActionMask = 2147483647;
			files = (
			);
			runOnlyForDeploymentPostprocessing = 0;
		};
/* End PBXResourcesBuildPhase section */

/* Begin PBXShellScriptBuildPhase section */
		01126F943604445F3ADF216B /* [CP] Check Pods Manifest.lock */ = {
			isa = PBXShellScriptBuildPhase;
			buildActionMask = 2147483647;
			files = (
			);
			inputPaths = (
				"${PODS_PODFILE_DIR_PATH}/Podfile.lock",
				"${PODS_ROOT}/Manifest.lock",
			);
			name = "[CP] Check Pods Manifest.lock";
			outputPaths = (
				"$(DERIVED_FILE_DIR)/Pods-WPayUITests-checkManifestLockResult.txt",
			);
			runOnlyForDeploymentPostprocessing = 0;
			shellPath = /bin/sh;
			shellScript = "diff \"${PODS_PODFILE_DIR_PATH}/Podfile.lock\" \"${PODS_ROOT}/Manifest.lock\" > /dev/null\nif [ $? != 0 ] ; then\n    # print error to STDERR\n    echo \"error: The sandbox is not in sync with the Podfile.lock. Run 'pod install' or update your CocoaPods installation.\" >&2\n    exit 1\nfi\n# This output is used by Xcode 'outputs' to avoid re-running this script phase.\necho \"SUCCESS\" > \"${SCRIPT_OUTPUT_FILE_0}\"\n";
			showEnvVarsInLog = 0;
		};
		0B300AD651901F5E0918E59B /* [CP] Check Pods Manifest.lock */ = {
			isa = PBXShellScriptBuildPhase;
			buildActionMask = 2147483647;
			files = (
			);
			inputPaths = (
				"${PODS_PODFILE_DIR_PATH}/Podfile.lock",
				"${PODS_ROOT}/Manifest.lock",
			);
			name = "[CP] Check Pods Manifest.lock";
			outputPaths = (
				"$(DERIVED_FILE_DIR)/Pods-WPayTests-checkManifestLockResult.txt",
			);
			runOnlyForDeploymentPostprocessing = 0;
			shellPath = /bin/sh;
			shellScript = "diff \"${PODS_PODFILE_DIR_PATH}/Podfile.lock\" \"${PODS_ROOT}/Manifest.lock\" > /dev/null\nif [ $? != 0 ] ; then\n    # print error to STDERR\n    echo \"error: The sandbox is not in sync with the Podfile.lock. Run 'pod install' or update your CocoaPods installation.\" >&2\n    exit 1\nfi\n# This output is used by Xcode 'outputs' to avoid re-running this script phase.\necho \"SUCCESS\" > \"${SCRIPT_OUTPUT_FILE_0}\"\n";
			showEnvVarsInLog = 0;
		};
		5034BAAB8CC902DF2C115C64 /* [CP] Check Pods Manifest.lock */ = {
			isa = PBXShellScriptBuildPhase;
			buildActionMask = 2147483647;
			files = (
			);
			inputPaths = (
				"${PODS_PODFILE_DIR_PATH}/Podfile.lock",
				"${PODS_ROOT}/Manifest.lock",
			);
			name = "[CP] Check Pods Manifest.lock";
			outputPaths = (
				"$(DERIVED_FILE_DIR)/Pods-WPay-checkManifestLockResult.txt",
			);
			runOnlyForDeploymentPostprocessing = 0;
			shellPath = /bin/sh;
			shellScript = "diff \"${PODS_PODFILE_DIR_PATH}/Podfile.lock\" \"${PODS_ROOT}/Manifest.lock\" > /dev/null\nif [ $? != 0 ] ; then\n    # print error to STDERR\n    echo \"error: The sandbox is not in sync with the Podfile.lock. Run 'pod install' or update your CocoaPods installation.\" >&2\n    exit 1\nfi\n# This output is used by Xcode 'outputs' to avoid re-running this script phase.\necho \"SUCCESS\" > \"${SCRIPT_OUTPUT_FILE_0}\"\n";
			showEnvVarsInLog = 0;
		};
		871080746388FC9574946CDD /* [CP] Embed Pods Frameworks */ = {
			isa = PBXShellScriptBuildPhase;
			buildActionMask = 2147483647;
			files = (
			);
			inputPaths = (
				"${SRCROOT}/Pods/Target Support Files/Pods-WPay/Pods-WPay-frameworks.sh",
				"${BUILT_PRODUCTS_DIR}/Alamofire/Alamofire.framework",
				"${BUILT_PRODUCTS_DIR}/Moya/Moya.framework",
				"${BUILT_PRODUCTS_DIR}/Result/Result.framework",
			);
			name = "[CP] Embed Pods Frameworks";
			outputPaths = (
				"${TARGET_BUILD_DIR}/${FRAMEWORKS_FOLDER_PATH}/Alamofire.framework",
				"${TARGET_BUILD_DIR}/${FRAMEWORKS_FOLDER_PATH}/Moya.framework",
				"${TARGET_BUILD_DIR}/${FRAMEWORKS_FOLDER_PATH}/Result.framework",
			);
			runOnlyForDeploymentPostprocessing = 0;
			shellPath = /bin/sh;
			shellScript = "\"${SRCROOT}/Pods/Target Support Files/Pods-WPay/Pods-WPay-frameworks.sh\"\n";
			showEnvVarsInLog = 0;
		};
/* End PBXShellScriptBuildPhase section */

/* Begin PBXSourcesBuildPhase section */
		EDAC3E48214BF09F00CD6CC4 /* Sources */ = {
			isa = PBXSourcesBuildPhase;
			buildActionMask = 2147483647;
			files = (
				EDAC3E52214BF09F00CD6CC4 /* ViewController.swift in Sources */,
				EDAC3E50214BF09F00CD6CC4 /* AppDelegate.swift in Sources */,
			);
			runOnlyForDeploymentPostprocessing = 0;
		};
		EDAC3E5C214BF0A000CD6CC4 /* Sources */ = {
			isa = PBXSourcesBuildPhase;
			buildActionMask = 2147483647;
			files = (
				EDAC3E65214BF0A000CD6CC4 /* WPayTests.swift in Sources */,
			);
			runOnlyForDeploymentPostprocessing = 0;
		};
		EDAC3E67214BF0A000CD6CC4 /* Sources */ = {
			isa = PBXSourcesBuildPhase;
			buildActionMask = 2147483647;
			files = (
				EDAC3E70214BF0A000CD6CC4 /* WPayUITests.swift in Sources */,
			);
			runOnlyForDeploymentPostprocessing = 0;
		};
/* End PBXSourcesBuildPhase section */

/* Begin PBXTargetDependency section */
		EDAC3E62214BF0A000CD6CC4 /* PBXTargetDependency */ = {
			isa = PBXTargetDependency;
			target = EDAC3E4B214BF09F00CD6CC4 /* WPay */;
			targetProxy = EDAC3E61214BF0A000CD6CC4 /* PBXContainerItemProxy */;
		};
		EDAC3E6D214BF0A000CD6CC4 /* PBXTargetDependency */ = {
			isa = PBXTargetDependency;
			target = EDAC3E4B214BF09F00CD6CC4 /* WPay */;
			targetProxy = EDAC3E6C214BF0A000CD6CC4 /* PBXContainerItemProxy */;
		};
/* End PBXTargetDependency section */

/* Begin PBXVariantGroup section */
		EDAC3E53214BF09F00CD6CC4 /* Main.storyboard */ = {
			isa = PBXVariantGroup;
			children = (
				EDAC3E54214BF09F00CD6CC4 /* Base */,
			);
			name = Main.storyboard;
			sourceTree = "<group>";
		};
		EDAC3E58214BF0A000CD6CC4 /* LaunchScreen.storyboard */ = {
			isa = PBXVariantGroup;
			children = (
				EDAC3E59214BF0A000CD6CC4 /* Base */,
			);
			name = LaunchScreen.storyboard;
			sourceTree = "<group>";
		};
/* End PBXVariantGroup section */

/* Begin XCBuildConfiguration section */
		EDAC3E72214BF0A000CD6CC4 /* Debug */ = {
			isa = XCBuildConfiguration;
			buildSettings = {
				ALWAYS_SEARCH_USER_PATHS = NO;
				CLANG_ANALYZER_NONNULL = YES;
				CLANG_ANALYZER_NUMBER_OBJECT_CONVERSION = YES_AGGRESSIVE;
				CLANG_CXX_LANGUAGE_STANDARD = "gnu++14";
				CLANG_CXX_LIBRARY = "libc++";
				CLANG_ENABLE_MODULES = YES;
				CLANG_ENABLE_OBJC_ARC = YES;
				CLANG_ENABLE_OBJC_WEAK = YES;
				CLANG_WARN_BLOCK_CAPTURE_AUTORELEASING = YES;
				CLANG_WARN_BOOL_CONVERSION = YES;
				CLANG_WARN_COMMA = YES;
				CLANG_WARN_CONSTANT_CONVERSION = YES;
				CLANG_WARN_DEPRECATED_OBJC_IMPLEMENTATIONS = YES;
				CLANG_WARN_DIRECT_OBJC_ISA_USAGE = YES_ERROR;
				CLANG_WARN_DOCUMENTATION_COMMENTS = YES;
				CLANG_WARN_EMPTY_BODY = YES;
				CLANG_WARN_ENUM_CONVERSION = YES;
				CLANG_WARN_INFINITE_RECURSION = YES;
				CLANG_WARN_INT_CONVERSION = YES;
				CLANG_WARN_NON_LITERAL_NULL_CONVERSION = YES;
				CLANG_WARN_OBJC_IMPLICIT_RETAIN_SELF = YES;
				CLANG_WARN_OBJC_LITERAL_CONVERSION = YES;
				CLANG_WARN_OBJC_ROOT_CLASS = YES_ERROR;
				CLANG_WARN_RANGE_LOOP_ANALYSIS = YES;
				CLANG_WARN_STRICT_PROTOTYPES = YES;
				CLANG_WARN_SUSPICIOUS_MOVE = YES;
				CLANG_WARN_UNGUARDED_AVAILABILITY = YES_AGGRESSIVE;
				CLANG_WARN_UNREACHABLE_CODE = YES;
				CLANG_WARN__DUPLICATE_METHOD_MATCH = YES;
				CODE_SIGN_IDENTITY = "iPhone Developer";
				COPY_PHASE_STRIP = NO;
				DEBUG_INFORMATION_FORMAT = dwarf;
				ENABLE_STRICT_OBJC_MSGSEND = YES;
				ENABLE_TESTABILITY = YES;
				GCC_C_LANGUAGE_STANDARD = gnu11;
				GCC_DYNAMIC_NO_PIC = NO;
				GCC_NO_COMMON_BLOCKS = YES;
				GCC_OPTIMIZATION_LEVEL = 0;
				GCC_PREPROCESSOR_DEFINITIONS = (
					"DEBUG=1",
					"$(inherited)",
				);
				GCC_WARN_64_TO_32_BIT_CONVERSION = YES;
				GCC_WARN_ABOUT_RETURN_TYPE = YES_ERROR;
				GCC_WARN_UNDECLARED_SELECTOR = YES;
				GCC_WARN_UNINITIALIZED_AUTOS = YES_AGGRESSIVE;
				GCC_WARN_UNUSED_FUNCTION = YES;
				GCC_WARN_UNUSED_VARIABLE = YES;
				IPHONEOS_DEPLOYMENT_TARGET = 11.4;
				MTL_ENABLE_DEBUG_INFO = YES;
				ONLY_ACTIVE_ARCH = YES;
				SDKROOT = iphoneos;
				SWIFT_ACTIVE_COMPILATION_CONDITIONS = DEBUG;
				SWIFT_OPTIMIZATION_LEVEL = "-Onone";
			};
			name = Debug;
		};
		EDAC3E73214BF0A000CD6CC4 /* Release */ = {
			isa = XCBuildConfiguration;
			buildSettings = {
				ALWAYS_SEARCH_USER_PATHS = NO;
				CLANG_ANALYZER_NONNULL = YES;
				CLANG_ANALYZER_NUMBER_OBJECT_CONVERSION = YES_AGGRESSIVE;
				CLANG_CXX_LANGUAGE_STANDARD = "gnu++14";
				CLANG_CXX_LIBRARY = "libc++";
				CLANG_ENABLE_MODULES = YES;
				CLANG_ENABLE_OBJC_ARC = YES;
				CLANG_ENABLE_OBJC_WEAK = YES;
				CLANG_WARN_BLOCK_CAPTURE_AUTORELEASING = YES;
				CLANG_WARN_BOOL_CONVERSION = YES;
				CLANG_WARN_COMMA = YES;
				CLANG_WARN_CONSTANT_CONVERSION = YES;
				CLANG_WARN_DEPRECATED_OBJC_IMPLEMENTATIONS = YES;
				CLANG_WARN_DIRECT_OBJC_ISA_USAGE = YES_ERROR;
				CLANG_WARN_DOCUMENTATION_COMMENTS = YES;
				CLANG_WARN_EMPTY_BODY = YES;
				CLANG_WARN_ENUM_CONVERSION = YES;
				CLANG_WARN_INFINITE_RECURSION = YES;
				CLANG_WARN_INT_CONVERSION = YES;
				CLANG_WARN_NON_LITERAL_NULL_CONVERSION = YES;
				CLANG_WARN_OBJC_IMPLICIT_RETAIN_SELF = YES;
				CLANG_WARN_OBJC_LITERAL_CONVERSION = YES;
				CLANG_WARN_OBJC_ROOT_CLASS = YES_ERROR;
				CLANG_WARN_RANGE_LOOP_ANALYSIS = YES;
				CLANG_WARN_STRICT_PROTOTYPES = YES;
				CLANG_WARN_SUSPICIOUS_MOVE = YES;
				CLANG_WARN_UNGUARDED_AVAILABILITY = YES_AGGRESSIVE;
				CLANG_WARN_UNREACHABLE_CODE = YES;
				CLANG_WARN__DUPLICATE_METHOD_MATCH = YES;
				CODE_SIGN_IDENTITY = "iPhone Developer";
				COPY_PHASE_STRIP = NO;
				DEBUG_INFORMATION_FORMAT = "dwarf-with-dsym";
				ENABLE_NS_ASSERTIONS = NO;
				ENABLE_STRICT_OBJC_MSGSEND = YES;
				GCC_C_LANGUAGE_STANDARD = gnu11;
				GCC_NO_COMMON_BLOCKS = YES;
				GCC_WARN_64_TO_32_BIT_CONVERSION = YES;
				GCC_WARN_ABOUT_RETURN_TYPE = YES_ERROR;
				GCC_WARN_UNDECLARED_SELECTOR = YES;
				GCC_WARN_UNINITIALIZED_AUTOS = YES_AGGRESSIVE;
				GCC_WARN_UNUSED_FUNCTION = YES;
				GCC_WARN_UNUSED_VARIABLE = YES;
				IPHONEOS_DEPLOYMENT_TARGET = 11.4;
				MTL_ENABLE_DEBUG_INFO = NO;
				SDKROOT = iphoneos;
				SWIFT_COMPILATION_MODE = wholemodule;
				SWIFT_OPTIMIZATION_LEVEL = "-O";
				VALIDATE_PRODUCT = YES;
			};
			name = Release;
		};
		EDAC3E75214BF0A000CD6CC4 /* Debug */ = {
			isa = XCBuildConfiguration;
			baseConfigurationReference = BB481FCB2F741CE56B806168 /* Pods-WPay.debug.xcconfig */;
			buildSettings = {
				ASSETCATALOG_COMPILER_APPICON_NAME = AppIcon;
				CODE_SIGN_STYLE = Automatic;
				INFOPLIST_FILE = WPay/Info.plist;
				LD_RUNPATH_SEARCH_PATHS = (
					"$(inherited)",
					"@executable_path/Frameworks",
				);
				PRODUCT_BUNDLE_IDENTIFIER = iLabs.WPay;
				PRODUCT_NAME = "$(TARGET_NAME)";
				SWIFT_VERSION = 4.0;
				TARGETED_DEVICE_FAMILY = "1,2";
			};
			name = Debug;
		};
		EDAC3E76214BF0A000CD6CC4 /* Release */ = {
			isa = XCBuildConfiguration;
			baseConfigurationReference = 36582F1FCE38C53E64B06167 /* Pods-WPay.release.xcconfig */;
			buildSettings = {
				ASSETCATALOG_COMPILER_APPICON_NAME = AppIcon;
				CODE_SIGN_STYLE = Automatic;
				INFOPLIST_FILE = WPay/Info.plist;
				LD_RUNPATH_SEARCH_PATHS = (
					"$(inherited)",
					"@executable_path/Frameworks",
				);
				PRODUCT_BUNDLE_IDENTIFIER = iLabs.WPay;
				PRODUCT_NAME = "$(TARGET_NAME)";
				SWIFT_VERSION = 4.0;
				TARGETED_DEVICE_FAMILY = "1,2";
			};
			name = Release;
		};
		EDAC3E78214BF0A000CD6CC4 /* Debug */ = {
			isa = XCBuildConfiguration;
			baseConfigurationReference = 44927DD11EE086AB80EDEC9E /* Pods-WPayTests.debug.xcconfig */;
			buildSettings = {
				ALWAYS_EMBED_SWIFT_STANDARD_LIBRARIES = YES;
				BUNDLE_LOADER = "$(TEST_HOST)";
				CODE_SIGN_STYLE = Automatic;
				INFOPLIST_FILE = WPayTests/Info.plist;
				LD_RUNPATH_SEARCH_PATHS = (
					"$(inherited)",
					"@executable_path/Frameworks",
					"@loader_path/Frameworks",
				);
				PRODUCT_BUNDLE_IDENTIFIER = iLabs.WPayTests;
				PRODUCT_NAME = "$(TARGET_NAME)";
				SWIFT_VERSION = 4.0;
				TARGETED_DEVICE_FAMILY = "1,2";
				TEST_HOST = "$(BUILT_PRODUCTS_DIR)/WPay.app/WPay";
			};
			name = Debug;
		};
		EDAC3E79214BF0A000CD6CC4 /* Release */ = {
			isa = XCBuildConfiguration;
			baseConfigurationReference = 53405559066EE0C084B48C24 /* Pods-WPayTests.release.xcconfig */;
			buildSettings = {
				ALWAYS_EMBED_SWIFT_STANDARD_LIBRARIES = YES;
				BUNDLE_LOADER = "$(TEST_HOST)";
				CODE_SIGN_STYLE = Automatic;
				INFOPLIST_FILE = WPayTests/Info.plist;
				LD_RUNPATH_SEARCH_PATHS = (
					"$(inherited)",
					"@executable_path/Frameworks",
					"@loader_path/Frameworks",
				);
				PRODUCT_BUNDLE_IDENTIFIER = iLabs.WPayTests;
				PRODUCT_NAME = "$(TARGET_NAME)";
				SWIFT_VERSION = 4.0;
				TARGETED_DEVICE_FAMILY = "1,2";
				TEST_HOST = "$(BUILT_PRODUCTS_DIR)/WPay.app/WPay";
			};
			name = Release;
		};
		EDAC3E7B214BF0A000CD6CC4 /* Debug */ = {
			isa = XCBuildConfiguration;
			baseConfigurationReference = FEDCB9B4C83FED8484AE56E2 /* Pods-WPayUITests.debug.xcconfig */;
			buildSettings = {
				ALWAYS_EMBED_SWIFT_STANDARD_LIBRARIES = YES;
				CODE_SIGN_STYLE = Automatic;
				INFOPLIST_FILE = WPayUITests/Info.plist;
				LD_RUNPATH_SEARCH_PATHS = (
					"$(inherited)",
					"@executable_path/Frameworks",
					"@loader_path/Frameworks",
				);
				PRODUCT_BUNDLE_IDENTIFIER = iLabs.WPayUITests;
				PRODUCT_NAME = "$(TARGET_NAME)";
				SWIFT_VERSION = 4.0;
				TARGETED_DEVICE_FAMILY = "1,2";
				TEST_TARGET_NAME = WPay;
			};
			name = Debug;
		};
		EDAC3E7C214BF0A000CD6CC4 /* Release */ = {
			isa = XCBuildConfiguration;
			baseConfigurationReference = CD126FEE73E33C135D3342CF /* Pods-WPayUITests.release.xcconfig */;
			buildSettings = {
				ALWAYS_EMBED_SWIFT_STANDARD_LIBRARIES = YES;
				CODE_SIGN_STYLE = Automatic;
				INFOPLIST_FILE = WPayUITests/Info.plist;
				LD_RUNPATH_SEARCH_PATHS = (
					"$(inherited)",
					"@executable_path/Frameworks",
					"@loader_path/Frameworks",
				);
				PRODUCT_BUNDLE_IDENTIFIER = iLabs.WPayUITests;
				PRODUCT_NAME = "$(TARGET_NAME)";
				SWIFT_VERSION = 4.0;
				TARGETED_DEVICE_FAMILY = "1,2";
				TEST_TARGET_NAME = WPay;
			};
			name = Release;
		};
/* End XCBuildConfiguration section */

/* Begin XCConfigurationList section */
		EDAC3E47214BF09F00CD6CC4 /* Build configuration list for PBXProject "WPay" */ = {
			isa = XCConfigurationList;
			buildConfigurations = (
				EDAC3E72214BF0A000CD6CC4 /* Debug */,
				EDAC3E73214BF0A000CD6CC4 /* Release */,
			);
			defaultConfigurationIsVisible = 0;
			defaultConfigurationName = Release;
		};
		EDAC3E74214BF0A000CD6CC4 /* Build configuration list for PBXNativeTarget "WPay" */ = {
			isa = XCConfigurationList;
			buildConfigurations = (
				EDAC3E75214BF0A000CD6CC4 /* Debug */,
				EDAC3E76214BF0A000CD6CC4 /* Release */,
			);
			defaultConfigurationIsVisible = 0;
			defaultConfigurationName = Release;
		};
		EDAC3E77214BF0A000CD6CC4 /* Build configuration list for PBXNativeTarget "WPayTests" */ = {
			isa = XCConfigurationList;
			buildConfigurations = (
				EDAC3E78214BF0A000CD6CC4 /* Debug */,
				EDAC3E79214BF0A000CD6CC4 /* Release */,
			);
			defaultConfigurationIsVisible = 0;
			defaultConfigurationName = Release;
		};
		EDAC3E7A214BF0A000CD6CC4 /* Build configuration list for PBXNativeTarget "WPayUITests" */ = {
			isa = XCConfigurationList;
			buildConfigurations = (
				EDAC3E7B214BF0A000CD6CC4 /* Debug */,
				EDAC3E7C214BF0A000CD6CC4 /* Release */,
			);
			defaultConfigurationIsVisible = 0;
			defaultConfigurationName = Release;
		};
/* End XCConfigurationList section */
	};
	rootObject = EDAC3E44214BF09F00CD6CC4 /* Project object */;
}
