// !$*UTF8*$!
{
	archiveVersion = 1;
	classes = {
	};
	objectVersion = 48;
	objects = {

/* Begin PBXBuildFile section */
		921D3EB4817272F52CAE0C7F /* Pods_WPay.framework in Frameworks */ = {isa = PBXBuildFile; fileRef = 2D22508490546BDB58E6C83E /* Pods_WPay.framework */; };
		ED0D48DF1FAC17250062A3BE /* MaterialSelectVC.swift in Sources */ = {isa = PBXBuildFile; fileRef = ED0D48DD1FAC17250062A3BE /* MaterialSelectVC.swift */; };
		ED0D48E01FAC17250062A3BE /* MaterialSelectVC.xib in Resources */ = {isa = PBXBuildFile; fileRef = ED0D48DE1FAC17250062A3BE /* MaterialSelectVC.xib */; };
		ED0D48E31FAC17880062A3BE /* MaterialItemCell.swift in Sources */ = {isa = PBXBuildFile; fileRef = ED0D48E11FAC17880062A3BE /* MaterialItemCell.swift */; };
		ED0D48E41FAC17880062A3BE /* MaterialItemCell.xib in Resources */ = {isa = PBXBuildFile; fileRef = ED0D48E21FAC17880062A3BE /* MaterialItemCell.xib */; };
		ED0D48E71FAC40670062A3BE /* MaterialBuyVC.swift in Sources */ = {isa = PBXBuildFile; fileRef = ED0D48E51FAC40670062A3BE /* MaterialBuyVC.swift */; };
		ED0D48E81FAC40670062A3BE /* MaterialBuyVC.xib in Resources */ = {isa = PBXBuildFile; fileRef = ED0D48E61FAC40670062A3BE /* MaterialBuyVC.xib */; };
		ED0D48EB1FAC4DD80062A3BE /* MaterialOrderVC.swift in Sources */ = {isa = PBXBuildFile; fileRef = ED0D48E91FAC4DD80062A3BE /* MaterialOrderVC.swift */; };
		ED0D48EC1FAC4DD80062A3BE /* MaterialOrderVC.xib in Resources */ = {isa = PBXBuildFile; fileRef = ED0D48EA1FAC4DD80062A3BE /* MaterialOrderVC.xib */; };
		ED0D48EF1FAC4E8F0062A3BE /* MaterialOrderCell.swift in Sources */ = {isa = PBXBuildFile; fileRef = ED0D48ED1FAC4E8F0062A3BE /* MaterialOrderCell.swift */; };
		ED0D48F01FAC4E8F0062A3BE /* MaterialOrderCell.xib in Resources */ = {isa = PBXBuildFile; fileRef = ED0D48EE1FAC4E8F0062A3BE /* MaterialOrderCell.xib */; };
		ED28E4DF1FA1B0AC00ADFB2C /* IAPManager.m in Sources */ = {isa = PBXBuildFile; fileRef = ED28E4D11FA1B00100ADFB2C /* IAPManager.m */; };
		ED28E4E01FA1B0B000ADFB2C /* SandBoxHelper.m in Sources */ = {isa = PBXBuildFile; fileRef = ED28E4D31FA1B00100ADFB2C /* SandBoxHelper.m */; };
		ED28E4E31FA1B1B300ADFB2C /* ApplePurchaseVController.swift in Sources */ = {isa = PBXBuildFile; fileRef = ED28E4E11FA1B1B300ADFB2C /* ApplePurchaseVController.swift */; };
		ED28E4E41FA1B1BB00ADFB2C /* ApplePurchaseVController.xib in Resources */ = {isa = PBXBuildFile; fileRef = ED28E4E21FA1B1B300ADFB2C /* ApplePurchaseVController.xib */; };
		ED28E4F21FA1B46400ADFB2C /* HUDView.swift in Sources */ = {isa = PBXBuildFile; fileRef = ED28E4F01FA1B45200ADFB2C /* HUDView.swift */; };
		ED28E4F31FA1B46700ADFB2C /* HUDView.xib in Resources */ = {isa = PBXBuildFile; fileRef = ED28E4F11FA1B45200ADFB2C /* HUDView.xib */; };
		ED28E4F41FA1B46A00ADFB2C /* Toast.swift in Sources */ = {isa = PBXBuildFile; fileRef = ED28E4ED1FA1B45200ADFB2C /* Toast.swift */; };
		ED28E4F51FA1B46D00ADFB2C /* Toast.xib in Resources */ = {isa = PBXBuildFile; fileRef = ED28E4EE1FA1B45200ADFB2C /* Toast.xib */; };
		ED49FA301FA1B72F007BBC4B /* libc++.tbd in Frameworks */ = {isa = PBXBuildFile; fileRef = ED49FA2F1FA1B72F007BBC4B /* libc++.tbd */; };
		ED49FA321FA1B739007BBC4B /* libz.tbd in Frameworks */ = {isa = PBXBuildFile; fileRef = ED49FA311FA1B739007BBC4B /* libz.tbd */; };
		ED49FA341FA1B742007BBC4B /* SystemConfiguration.framework in Frameworks */ = {isa = PBXBuildFile; fileRef = ED49FA331FA1B742007BBC4B /* SystemConfiguration.framework */; };
		ED49FA361FA1B750007BBC4B /* CoreTelephony.framework in Frameworks */ = {isa = PBXBuildFile; fileRef = ED49FA351FA1B750007BBC4B /* CoreTelephony.framework */; };
		ED49FA381FA1B759007BBC4B /* QuartzCore.framework in Frameworks */ = {isa = PBXBuildFile; fileRef = ED49FA371FA1B759007BBC4B /* QuartzCore.framework */; };
		ED49FA3A1FA1B76A007BBC4B /* CoreText.framework in Frameworks */ = {isa = PBXBuildFile; fileRef = ED49FA391FA1B76A007BBC4B /* CoreText.framework */; };
		ED49FA3C1FA1B773007BBC4B /* CoreGraphics.framework in Frameworks */ = {isa = PBXBuildFile; fileRef = ED49FA3B1FA1B773007BBC4B /* CoreGraphics.framework */; };
		ED49FA3E1FA1B77C007BBC4B /* CFNetwork.framework in Frameworks */ = {isa = PBXBuildFile; fileRef = ED49FA3D1FA1B77C007BBC4B /* CFNetwork.framework */; };
		ED49FA401FA1B785007BBC4B /* CoreMotion.framework in Frameworks */ = {isa = PBXBuildFile; fileRef = ED49FA3F1FA1B785007BBC4B /* CoreMotion.framework */; };
		ED49FA421FA1B7C3007BBC4B /* UIKit.framework in Frameworks */ = {isa = PBXBuildFile; fileRef = ED49FA411FA1B7C3007BBC4B /* UIKit.framework */; };
		ED49FA441FA1B7CC007BBC4B /* Foundation.framework in Frameworks */ = {isa = PBXBuildFile; fileRef = ED49FA431FA1B7CC007BBC4B /* Foundation.framework */; };
		ED6628921FA85C7E00ECBE25 /* R.generated.swift in Sources */ = {isa = PBXBuildFile; fileRef = ED6628911FA85C7E00ECBE25 /* R.generated.swift */; };
		ED67B7D31FAC5CB800533AAC /* CommentVC.swift in Sources */ = {isa = PBXBuildFile; fileRef = ED67B7D11FAC5CB800533AAC /* CommentVC.swift */; };
		ED67B7D41FAC5CB800533AAC /* CommentVC.xib in Resources */ = {isa = PBXBuildFile; fileRef = ED67B7D21FAC5CB800533AAC /* CommentVC.xib */; };
		ED6AD0D41F99C0B50008871F /* AppDelegate.swift in Sources */ = {isa = PBXBuildFile; fileRef = ED6AD0D31F99C0B50008871F /* AppDelegate.swift */; };
		ED6AD0D61F99C0B50008871F /* ViewController.swift in Sources */ = {isa = PBXBuildFile; fileRef = ED6AD0D51F99C0B50008871F /* ViewController.swift */; };
		ED6AD0D91F99C0B50008871F /* Main.storyboard in Resources */ = {isa = PBXBuildFile; fileRef = ED6AD0D71F99C0B50008871F /* Main.storyboard */; };
		ED6AD0DB1F99C0B50008871F /* Assets.xcassets in Resources */ = {isa = PBXBuildFile; fileRef = ED6AD0DA1F99C0B50008871F /* Assets.xcassets */; };
		ED6AD0DE1F99C0B50008871F /* LaunchScreen.storyboard in Resources */ = {isa = PBXBuildFile; fileRef = ED6AD0DC1F99C0B50008871F /* LaunchScreen.storyboard */; };
		ED6AD0E91F99C0B50008871F /* WPayTests.swift in Sources */ = {isa = PBXBuildFile; fileRef = ED6AD0E81F99C0B50008871F /* WPayTests.swift */; };
		ED6AD0F41F99C0B50008871F /* WPayUITests.swift in Sources */ = {isa = PBXBuildFile; fileRef = ED6AD0F31F99C0B50008871F /* WPayUITests.swift */; };
		ED6FAA0F1FA99F770015D962 /* DesignerProductDetailVC.swift in Sources */ = {isa = PBXBuildFile; fileRef = ED6FAA0D1FA99F770015D962 /* DesignerProductDetailVC.swift */; };
		ED6FAA101FA99F770015D962 /* DesignerProductDetailVC.xib in Resources */ = {isa = PBXBuildFile; fileRef = ED6FAA0E1FA99F770015D962 /* DesignerProductDetailVC.xib */; };
		ED8AB0241FAA1772001CFAE7 /* ConfigManager.swift in Sources */ = {isa = PBXBuildFile; fileRef = ED8AB0231FAA1772001CFAE7 /* ConfigManager.swift */; };
		ED8AB03F1FAB5021001CFAE7 /* EnsureInsuranceVC.swift in Sources */ = {isa = PBXBuildFile; fileRef = ED8AB0311FAB5019001CFAE7 /* EnsureInsuranceVC.swift */; };
		ED8AB0401FAB502A001CFAE7 /* EnsureInsuranceVC.xib in Resources */ = {isa = PBXBuildFile; fileRef = ED8AB0321FAB5019001CFAE7 /* EnsureInsuranceVC.xib */; };
		ED8AB0411FAB502F001CFAE7 /* InsuranceVC.swift in Sources */ = {isa = PBXBuildFile; fileRef = ED8AB0331FAB5019001CFAE7 /* InsuranceVC.swift */; };
		ED8AB0421FAB5034001CFAE7 /* InsuranceVC.xib in Resources */ = {isa = PBXBuildFile; fileRef = ED8AB0341FAB5019001CFAE7 /* InsuranceVC.xib */; };
		ED8AB0431FAB503C001CFAE7 /* InsuranceEditCell.swift in Sources */ = {isa = PBXBuildFile; fileRef = ED8AB0371FAB5019001CFAE7 /* InsuranceEditCell.swift */; };
		ED8AB0441FAB5041001CFAE7 /* InsuranceEditCell.xib in Resources */ = {isa = PBXBuildFile; fileRef = ED8AB0381FAB5019001CFAE7 /* InsuranceEditCell.xib */; };
		ED8AB0451FAB505B001CFAE7 /* InsuranceInfoCell.swift in Sources */ = {isa = PBXBuildFile; fileRef = ED8AB0391FAB5019001CFAE7 /* InsuranceInfoCell.swift */; };
		ED8AB0461FAB505F001CFAE7 /* InsuranceInfoCell.xib in Resources */ = {isa = PBXBuildFile; fileRef = ED8AB03A1FAB5019001CFAE7 /* InsuranceInfoCell.xib */; };
		ED8AB0471FAB5062001CFAE7 /* InsuranceTtitleCell.swift in Sources */ = {isa = PBXBuildFile; fileRef = ED8AB03B1FAB5019001CFAE7 /* InsuranceTtitleCell.swift */; };
		ED8AB0481FAB5068001CFAE7 /* InsuranceTtitleCell.xib in Resources */ = {isa = PBXBuildFile; fileRef = ED8AB03C1FAB5019001CFAE7 /* InsuranceTtitleCell.xib */; };
		ED8AB0491FAB506B001CFAE7 /* InsurantPersonInfoCell.swift in Sources */ = {isa = PBXBuildFile; fileRef = ED8AB03D1FAB5019001CFAE7 /* InsurantPersonInfoCell.swift */; };
		ED8AB04A1FAB5070001CFAE7 /* InsurantPersonInfoCell.xib in Resources */ = {isa = PBXBuildFile; fileRef = ED8AB03E1FAB5019001CFAE7 /* InsurantPersonInfoCell.xib */; };
		ED8AB05D1FAB5676001CFAE7 /* MenuItemView.swift in Sources */ = {isa = PBXBuildFile; fileRef = ED8AB04C1FAB566E001CFAE7 /* MenuItemView.swift */; };
		ED8AB05E1FAB5679001CFAE7 /* MenuView.swift in Sources */ = {isa = PBXBuildFile; fileRef = ED8AB04D1FAB566E001CFAE7 /* MenuView.swift */; };
		ED8AB05F1FAB567C001CFAE7 /* PagingMenuController.swift in Sources */ = {isa = PBXBuildFile; fileRef = ED8AB04E1FAB566E001CFAE7 /* PagingMenuController.swift */; };
		ED8AB0601FAB567F001CFAE7 /* PagingMenuOptions.swift in Sources */ = {isa = PBXBuildFile; fileRef = ED8AB04F1FAB566E001CFAE7 /* PagingMenuOptions.swift */; };
		ED8AB0611FAB5683001CFAE7 /* PagingViewController.swift in Sources */ = {isa = PBXBuildFile; fileRef = ED8AB0501FAB566E001CFAE7 /* PagingViewController.swift */; };
		ED8AB0621FAB581D001CFAE7 /* GestureHandler.swift in Sources */ = {isa = PBXBuildFile; fileRef = ED8AB0521FAB566E001CFAE7 /* GestureHandler.swift */; };
		ED8AB0631FAB5826001CFAE7 /* LabelSizeCalculatable.swift in Sources */ = {isa = PBXBuildFile; fileRef = ED8AB0531FAB566E001CFAE7 /* LabelSizeCalculatable.swift */; };
		ED8AB0641FAB5826001CFAE7 /* MenuItemMultipliable.swift in Sources */ = {isa = PBXBuildFile; fileRef = ED8AB0541FAB566E001CFAE7 /* MenuItemMultipliable.swift */; };
		ED8AB0651FAB5826001CFAE7 /* MenuItemViewCustomizable.swift in Sources */ = {isa = PBXBuildFile; fileRef = ED8AB0551FAB566E001CFAE7 /* MenuItemViewCustomizable.swift */; };
		ED8AB0661FAB5826001CFAE7 /* MenuViewCustomizable.swift in Sources */ = {isa = PBXBuildFile; fileRef = ED8AB0561FAB566E001CFAE7 /* MenuViewCustomizable.swift */; };
		ED8AB0671FAB5826001CFAE7 /* Pagable.swift in Sources */ = {isa = PBXBuildFile; fileRef = ED8AB0571FAB566E001CFAE7 /* Pagable.swift */; };
		ED8AB0681FAB5826001CFAE7 /* PageDetectable.swift in Sources */ = {isa = PBXBuildFile; fileRef = ED8AB0581FAB566E001CFAE7 /* PageDetectable.swift */; };
		ED8AB0691FAB5826001CFAE7 /* PageLoadable.swift in Sources */ = {isa = PBXBuildFile; fileRef = ED8AB0591FAB566E001CFAE7 /* PageLoadable.swift */; };
		ED8AB06A1FAB5826001CFAE7 /* PagingMenuControllerCustomizable.swift in Sources */ = {isa = PBXBuildFile; fileRef = ED8AB05A1FAB566E001CFAE7 /* PagingMenuControllerCustomizable.swift */; };
		ED8AB06B1FAB5826001CFAE7 /* PagingValidator.swift in Sources */ = {isa = PBXBuildFile; fileRef = ED8AB05B1FAB566E001CFAE7 /* PagingValidator.swift */; };
		ED8AB06C1FAB5826001CFAE7 /* ViewCleanable.swift in Sources */ = {isa = PBXBuildFile; fileRef = ED8AB05C1FAB566E001CFAE7 /* ViewCleanable.swift */; };
		ED8AB06F1FAB5AB8001CFAE7 /* MaterialVC.swift in Sources */ = {isa = PBXBuildFile; fileRef = ED8AB06D1FAB5AB8001CFAE7 /* MaterialVC.swift */; };
		ED8AB0701FAB5AB8001CFAE7 /* MaterialVC.xib in Resources */ = {isa = PBXBuildFile; fileRef = ED8AB06E1FAB5AB8001CFAE7 /* MaterialVC.xib */; };
		ED8AB0741FAB5DBD001CFAE7 /* MaterialListCell.swift in Sources */ = {isa = PBXBuildFile; fileRef = ED8AB0721FAB5DBD001CFAE7 /* MaterialListCell.swift */; };
		ED8AB0751FAB5DBD001CFAE7 /* MaterialListCell.xib in Resources */ = {isa = PBXBuildFile; fileRef = ED8AB0731FAB5DBD001CFAE7 /* MaterialListCell.xib */; };
		ED9421CD1FA706BF00DBC8AF /* AddMorePersonCell.swift in Sources */ = {isa = PBXBuildFile; fileRef = ED9421CB1FA706BF00DBC8AF /* AddMorePersonCell.swift */; };
		ED9421CE1FA706BF00DBC8AF /* AddMorePersonCell.xib in Resources */ = {isa = PBXBuildFile; fileRef = ED9421CC1FA706BF00DBC8AF /* AddMorePersonCell.xib */; };
		ED9421D11FA706DB00DBC8AF /* AddMorePersonVC.swift in Sources */ = {isa = PBXBuildFile; fileRef = ED9421CF1FA706DB00DBC8AF /* AddMorePersonVC.swift */; };
		ED9421D21FA706DB00DBC8AF /* AddMorePersonVC.xib in Resources */ = {isa = PBXBuildFile; fileRef = ED9421D01FA706DB00DBC8AF /* AddMorePersonVC.xib */; };
		EDA596991FA9CFAE00EFA982 /* AutoImageCell.swift in Sources */ = {isa = PBXBuildFile; fileRef = EDA596971FA9CFAA00EFA982 /* AutoImageCell.swift */; };
		EDA5969A1FA9CFB400EFA982 /* AutoImageCell.xib in Resources */ = {isa = PBXBuildFile; fileRef = EDA596981FA9CFAA00EFA982 /* AutoImageCell.xib */; };
		EDA596A21FA9E3A400EFA982 /* img17577f745777a97.jpg in Resources */ = {isa = PBXBuildFile; fileRef = EDA596A11FA9E3A100EFA982 /* img17577f745777a97.jpg */; };
		EDA596A41FA9E78700EFA982 /* img165719ab05c30d4.jpg in Resources */ = {isa = PBXBuildFile; fileRef = EDA596A31FA9E76600EFA982 /* img165719ab05c30d4.jpg */; };
		EDA596AC1FA9F32B00EFA982 /* AspectFitImageView.m in Sources */ = {isa = PBXBuildFile; fileRef = EDA596AB1FA9F32A00EFA982 /* AspectFitImageView.m */; };
		EDA596B11FA9F73E00EFA982 /* AutoTextCell.swift in Sources */ = {isa = PBXBuildFile; fileRef = EDA596AF1FA9F73E00EFA982 /* AutoTextCell.swift */; };
		EDA596B21FA9F73E00EFA982 /* AutoTextCell.xib in Resources */ = {isa = PBXBuildFile; fileRef = EDA596B01FA9F73E00EFA982 /* AutoTextCell.xib */; };
		EDBC9BAC1FA858B60097DDE8 /* PersonModel.swift in Sources */ = {isa = PBXBuildFile; fileRef = EDBC9BAB1FA858B60097DDE8 /* PersonModel.swift */; };
		EDD2B1671FA2C73C00EFBC8D /* AliPayManager.swift in Sources */ = {isa = PBXBuildFile; fileRef = EDD2B1081FA2C73700EFBC8D /* AliPayManager.swift */; };
		EDD2B1681FA2C74100EFBC8D /* AlipaySDK.bundle in Resources */ = {isa = PBXBuildFile; fileRef = EDD2B1091FA2C73700EFBC8D /* AlipaySDK.bundle */; };
		EDD2B1691FA2C74400EFBC8D /* AlipaySDK.framework in Frameworks */ = {isa = PBXBuildFile; fileRef = EDD2B10A1FA2C73700EFBC8D /* AlipaySDK.framework */; };
		EDD2B16A1FA2C74800EFBC8D /* libcrypto.a in Frameworks */ = {isa = PBXBuildFile; fileRef = EDD2B10B1FA2C73700EFBC8D /* libcrypto.a */; };
		EDD2B16B1FA2C74B00EFBC8D /* libssl.a in Frameworks */ = {isa = PBXBuildFile; fileRef = EDD2B10C1FA2C73700EFBC8D /* libssl.a */; };
		EDD2B16C1FA2C75200EFBC8D /* Order.m in Sources */ = {isa = PBXBuildFile; fileRef = EDD2B15A1FA2C73700EFBC8D /* Order.m */; };
		EDD2B16D1FA2C75600EFBC8D /* base64.m in Sources */ = {isa = PBXBuildFile; fileRef = EDD2B15D1FA2C73700EFBC8D /* base64.m */; };
		EDD2B16E1FA2C75900EFBC8D /* NSDataEx.m in Sources */ = {isa = PBXBuildFile; fileRef = EDD2B1601FA2C73700EFBC8D /* NSDataEx.m */; };
		EDD2B16F1FA2C75C00EFBC8D /* openssl_wrapper.m in Sources */ = {isa = PBXBuildFile; fileRef = EDD2B1621FA2C73700EFBC8D /* openssl_wrapper.m */; };
		EDD2B1701FA2C75F00EFBC8D /* RSADataSigner.m in Sources */ = {isa = PBXBuildFile; fileRef = EDD2B1641FA2C73700EFBC8D /* RSADataSigner.m */; };
		EDD2B1711FA2C76200EFBC8D /* RSADataVerifier.m in Sources */ = {isa = PBXBuildFile; fileRef = EDD2B1661FA2C73700EFBC8D /* RSADataVerifier.m */; };
/* End PBXBuildFile section */

/* Begin PBXContainerItemProxy section */
		ED6AD0E51F99C0B50008871F /* PBXContainerItemProxy */ = {
			isa = PBXContainerItemProxy;
			containerPortal = ED6AD0C81F99C0B50008871F /* Project object */;
			proxyType = 1;
			remoteGlobalIDString = ED6AD0CF1F99C0B50008871F;
			remoteInfo = WPay;
		};
		ED6AD0F01F99C0B50008871F /* PBXContainerItemProxy */ = {
			isa = PBXContainerItemProxy;
			containerPortal = ED6AD0C81F99C0B50008871F /* Project object */;
			proxyType = 1;
			remoteGlobalIDString = ED6AD0CF1F99C0B50008871F;
			remoteInfo = WPay;
		};
/* End PBXContainerItemProxy section */

/* Begin PBXFileReference section */
		1D63645959CA2647BA043E6F /* Pods-WPay.release.xcconfig */ = {isa = PBXFileReference; includeInIndex = 1; lastKnownFileType = text.xcconfig; name = "Pods-WPay.release.xcconfig"; path = "Pods/Target Support Files/Pods-WPay/Pods-WPay.release.xcconfig"; sourceTree = "<group>"; };
		2D22508490546BDB58E6C83E /* Pods_WPay.framework */ = {isa = PBXFileReference; explicitFileType = wrapper.framework; includeInIndex = 0; path = Pods_WPay.framework; sourceTree = BUILT_PRODUCTS_DIR; };
		A43120BC1EDDABE25C2E9C25 /* Pods-WPay.debug.xcconfig */ = {isa = PBXFileReference; includeInIndex = 1; lastKnownFileType = text.xcconfig; name = "Pods-WPay.debug.xcconfig"; path = "Pods/Target Support Files/Pods-WPay/Pods-WPay.debug.xcconfig"; sourceTree = "<group>"; };
		ED0D48DD1FAC17250062A3BE /* MaterialSelectVC.swift */ = {isa = PBXFileReference; lastKnownFileType = sourcecode.swift; path = MaterialSelectVC.swift; sourceTree = "<group>"; };
		ED0D48DE1FAC17250062A3BE /* MaterialSelectVC.xib */ = {isa = PBXFileReference; lastKnownFileType = file.xib; path = MaterialSelectVC.xib; sourceTree = "<group>"; };
		ED0D48E11FAC17880062A3BE /* MaterialItemCell.swift */ = {isa = PBXFileReference; lastKnownFileType = sourcecode.swift; path = MaterialItemCell.swift; sourceTree = "<group>"; };
		ED0D48E21FAC17880062A3BE /* MaterialItemCell.xib */ = {isa = PBXFileReference; lastKnownFileType = file.xib; path = MaterialItemCell.xib; sourceTree = "<group>"; };
		ED0D48E51FAC40670062A3BE /* MaterialBuyVC.swift */ = {isa = PBXFileReference; lastKnownFileType = sourcecode.swift; path = MaterialBuyVC.swift; sourceTree = "<group>"; };
		ED0D48E61FAC40670062A3BE /* MaterialBuyVC.xib */ = {isa = PBXFileReference; lastKnownFileType = file.xib; path = MaterialBuyVC.xib; sourceTree = "<group>"; };
		ED0D48E91FAC4DD80062A3BE /* MaterialOrderVC.swift */ = {isa = PBXFileReference; lastKnownFileType = sourcecode.swift; path = MaterialOrderVC.swift; sourceTree = "<group>"; };
		ED0D48EA1FAC4DD80062A3BE /* MaterialOrderVC.xib */ = {isa = PBXFileReference; lastKnownFileType = file.xib; path = MaterialOrderVC.xib; sourceTree = "<group>"; };
		ED0D48ED1FAC4E8F0062A3BE /* MaterialOrderCell.swift */ = {isa = PBXFileReference; lastKnownFileType = sourcecode.swift; path = MaterialOrderCell.swift; sourceTree = "<group>"; };
		ED0D48EE1FAC4E8F0062A3BE /* MaterialOrderCell.xib */ = {isa = PBXFileReference; lastKnownFileType = file.xib; path = MaterialOrderCell.xib; sourceTree = "<group>"; };
		ED28E4D01FA1B00100ADFB2C /* IAPManager.h */ = {isa = PBXFileReference; lastKnownFileType = sourcecode.c.h; path = IAPManager.h; sourceTree = "<group>"; };
		ED28E4D11FA1B00100ADFB2C /* IAPManager.m */ = {isa = PBXFileReference; lastKnownFileType = sourcecode.c.objc; path = IAPManager.m; sourceTree = "<group>"; };
		ED28E4D21FA1B00100ADFB2C /* SandBoxHelper.h */ = {isa = PBXFileReference; lastKnownFileType = sourcecode.c.h; path = SandBoxHelper.h; sourceTree = "<group>"; };
		ED28E4D31FA1B00100ADFB2C /* SandBoxHelper.m */ = {isa = PBXFileReference; lastKnownFileType = sourcecode.c.objc; path = SandBoxHelper.m; sourceTree = "<group>"; };
		ED28E4E11FA1B1B300ADFB2C /* ApplePurchaseVController.swift */ = {isa = PBXFileReference; lastKnownFileType = sourcecode.swift; path = ApplePurchaseVController.swift; sourceTree = "<group>"; };
		ED28E4E21FA1B1B300ADFB2C /* ApplePurchaseVController.xib */ = {isa = PBXFileReference; lastKnownFileType = file.xib; path = ApplePurchaseVController.xib; sourceTree = "<group>"; };
		ED28E4EB1FA1B2FF00ADFB2C /* WPay-Bridging-Header.h */ = {isa = PBXFileReference; lastKnownFileType = sourcecode.c.h; path = "WPay-Bridging-Header.h"; sourceTree = "<group>"; };
		ED28E4ED1FA1B45200ADFB2C /* Toast.swift */ = {isa = PBXFileReference; lastKnownFileType = sourcecode.swift; path = Toast.swift; sourceTree = "<group>"; };
		ED28E4EE1FA1B45200ADFB2C /* Toast.xib */ = {isa = PBXFileReference; lastKnownFileType = file.xib; path = Toast.xib; sourceTree = "<group>"; };
		ED28E4F01FA1B45200ADFB2C /* HUDView.swift */ = {isa = PBXFileReference; lastKnownFileType = sourcecode.swift; path = HUDView.swift; sourceTree = "<group>"; };
		ED28E4F11FA1B45200ADFB2C /* HUDView.xib */ = {isa = PBXFileReference; lastKnownFileType = file.xib; path = HUDView.xib; sourceTree = "<group>"; };
		ED49FA2F1FA1B72F007BBC4B /* libc++.tbd */ = {isa = PBXFileReference; lastKnownFileType = "sourcecode.text-based-dylib-definition"; name = "libc++.tbd"; path = "usr/lib/libc++.tbd"; sourceTree = SDKROOT; };
		ED49FA311FA1B739007BBC4B /* libz.tbd */ = {isa = PBXFileReference; lastKnownFileType = "sourcecode.text-based-dylib-definition"; name = libz.tbd; path = usr/lib/libz.tbd; sourceTree = SDKROOT; };
		ED49FA331FA1B742007BBC4B /* SystemConfiguration.framework */ = {isa = PBXFileReference; lastKnownFileType = wrapper.framework; name = SystemConfiguration.framework; path = System/Library/Frameworks/SystemConfiguration.framework; sourceTree = SDKROOT; };
		ED49FA351FA1B750007BBC4B /* CoreTelephony.framework */ = {isa = PBXFileReference; lastKnownFileType = wrapper.framework; name = CoreTelephony.framework; path = System/Library/Frameworks/CoreTelephony.framework; sourceTree = SDKROOT; };
		ED49FA371FA1B759007BBC4B /* QuartzCore.framework */ = {isa = PBXFileReference; lastKnownFileType = wrapper.framework; name = QuartzCore.framework; path = System/Library/Frameworks/QuartzCore.framework; sourceTree = SDKROOT; };
		ED49FA391FA1B76A007BBC4B /* CoreText.framework */ = {isa = PBXFileReference; lastKnownFileType = wrapper.framework; name = CoreText.framework; path = System/Library/Frameworks/CoreText.framework; sourceTree = SDKROOT; };
		ED49FA3B1FA1B773007BBC4B /* CoreGraphics.framework */ = {isa = PBXFileReference; lastKnownFileType = wrapper.framework; name = CoreGraphics.framework; path = System/Library/Frameworks/CoreGraphics.framework; sourceTree = SDKROOT; };
		ED49FA3D1FA1B77C007BBC4B /* CFNetwork.framework */ = {isa = PBXFileReference; lastKnownFileType = wrapper.framework; name = CFNetwork.framework; path = System/Library/Frameworks/CFNetwork.framework; sourceTree = SDKROOT; };
		ED49FA3F1FA1B785007BBC4B /* CoreMotion.framework */ = {isa = PBXFileReference; lastKnownFileType = wrapper.framework; name = CoreMotion.framework; path = System/Library/Frameworks/CoreMotion.framework; sourceTree = SDKROOT; };
		ED49FA411FA1B7C3007BBC4B /* UIKit.framework */ = {isa = PBXFileReference; lastKnownFileType = wrapper.framework; name = UIKit.framework; path = System/Library/Frameworks/UIKit.framework; sourceTree = SDKROOT; };
		ED49FA431FA1B7CC007BBC4B /* Foundation.framework */ = {isa = PBXFileReference; lastKnownFileType = wrapper.framework; name = Foundation.framework; path = System/Library/Frameworks/Foundation.framework; sourceTree = SDKROOT; };
		ED6628911FA85C7E00ECBE25 /* R.generated.swift */ = {isa = PBXFileReference; lastKnownFileType = sourcecode.swift; path = R.generated.swift; sourceTree = "<group>"; };
		ED67B7D11FAC5CB800533AAC /* CommentVC.swift */ = {isa = PBXFileReference; lastKnownFileType = sourcecode.swift; path = CommentVC.swift; sourceTree = "<group>"; };
		ED67B7D21FAC5CB800533AAC /* CommentVC.xib */ = {isa = PBXFileReference; lastKnownFileType = file.xib; path = CommentVC.xib; sourceTree = "<group>"; };
		ED6AD0D01F99C0B50008871F /* WPay.app */ = {isa = PBXFileReference; explicitFileType = wrapper.application; includeInIndex = 0; path = WPay.app; sourceTree = BUILT_PRODUCTS_DIR; };
		ED6AD0D31F99C0B50008871F /* AppDelegate.swift */ = {isa = PBXFileReference; lastKnownFileType = sourcecode.swift; path = AppDelegate.swift; sourceTree = "<group>"; };
		ED6AD0D51F99C0B50008871F /* ViewController.swift */ = {isa = PBXFileReference; lastKnownFileType = sourcecode.swift; path = ViewController.swift; sourceTree = "<group>"; };
		ED6AD0D81F99C0B50008871F /* Base */ = {isa = PBXFileReference; lastKnownFileType = file.storyboard; name = Base; path = Base.lproj/Main.storyboard; sourceTree = "<group>"; };
		ED6AD0DA1F99C0B50008871F /* Assets.xcassets */ = {isa = PBXFileReference; lastKnownFileType = folder.assetcatalog; path = Assets.xcassets; sourceTree = "<group>"; };
		ED6AD0DD1F99C0B50008871F /* Base */ = {isa = PBXFileReference; lastKnownFileType = file.storyboard; name = Base; path = Base.lproj/LaunchScreen.storyboard; sourceTree = "<group>"; };
		ED6AD0DF1F99C0B50008871F /* Info.plist */ = {isa = PBXFileReference; lastKnownFileType = text.plist.xml; path = Info.plist; sourceTree = "<group>"; };
		ED6AD0E41F99C0B50008871F /* WPayTests.xctest */ = {isa = PBXFileReference; explicitFileType = wrapper.cfbundle; includeInIndex = 0; path = WPayTests.xctest; sourceTree = BUILT_PRODUCTS_DIR; };
		ED6AD0E81F99C0B50008871F /* WPayTests.swift */ = {isa = PBXFileReference; lastKnownFileType = sourcecode.swift; path = WPayTests.swift; sourceTree = "<group>"; };
		ED6AD0EA1F99C0B50008871F /* Info.plist */ = {isa = PBXFileReference; lastKnownFileType = text.plist.xml; path = Info.plist; sourceTree = "<group>"; };
		ED6AD0EF1F99C0B50008871F /* WPayUITests.xctest */ = {isa = PBXFileReference; explicitFileType = wrapper.cfbundle; includeInIndex = 0; path = WPayUITests.xctest; sourceTree = BUILT_PRODUCTS_DIR; };
		ED6AD0F31F99C0B50008871F /* WPayUITests.swift */ = {isa = PBXFileReference; lastKnownFileType = sourcecode.swift; path = WPayUITests.swift; sourceTree = "<group>"; };
		ED6AD0F51F99C0B50008871F /* Info.plist */ = {isa = PBXFileReference; lastKnownFileType = text.plist.xml; path = Info.plist; sourceTree = "<group>"; };
		ED6FAA0B1FA9934F0015D962 /* cityCode.json */ = {isa = PBXFileReference; lastKnownFileType = text.json; path = cityCode.json; sourceTree = "<group>"; };
		ED6FAA0D1FA99F770015D962 /* DesignerProductDetailVC.swift */ = {isa = PBXFileReference; lastKnownFileType = sourcecode.swift; path = DesignerProductDetailVC.swift; sourceTree = "<group>"; };
		ED6FAA0E1FA99F770015D962 /* DesignerProductDetailVC.xib */ = {isa = PBXFileReference; lastKnownFileType = file.xib; path = DesignerProductDetailVC.xib; sourceTree = "<group>"; };
		ED8AB0231FAA1772001CFAE7 /* ConfigManager.swift */ = {isa = PBXFileReference; lastKnownFileType = sourcecode.swift; path = ConfigManager.swift; sourceTree = "<group>"; };
		ED8AB0311FAB5019001CFAE7 /* EnsureInsuranceVC.swift */ = {isa = PBXFileReference; lastKnownFileType = sourcecode.swift; path = EnsureInsuranceVC.swift; sourceTree = "<group>"; };
		ED8AB0321FAB5019001CFAE7 /* EnsureInsuranceVC.xib */ = {isa = PBXFileReference; lastKnownFileType = file.xib; path = EnsureInsuranceVC.xib; sourceTree = "<group>"; };
		ED8AB0331FAB5019001CFAE7 /* InsuranceVC.swift */ = {isa = PBXFileReference; lastKnownFileType = sourcecode.swift; path = InsuranceVC.swift; sourceTree = "<group>"; };
		ED8AB0341FAB5019001CFAE7 /* InsuranceVC.xib */ = {isa = PBXFileReference; lastKnownFileType = file.xib; path = InsuranceVC.xib; sourceTree = "<group>"; };
		ED8AB0371FAB5019001CFAE7 /* InsuranceEditCell.swift */ = {isa = PBXFileReference; lastKnownFileType = sourcecode.swift; path = InsuranceEditCell.swift; sourceTree = "<group>"; };
		ED8AB0381FAB5019001CFAE7 /* InsuranceEditCell.xib */ = {isa = PBXFileReference; lastKnownFileType = file.xib; path = InsuranceEditCell.xib; sourceTree = "<group>"; };
		ED8AB0391FAB5019001CFAE7 /* InsuranceInfoCell.swift */ = {isa = PBXFileReference; lastKnownFileType = sourcecode.swift; path = InsuranceInfoCell.swift; sourceTree = "<group>"; };
		ED8AB03A1FAB5019001CFAE7 /* InsuranceInfoCell.xib */ = {isa = PBXFileReference; lastKnownFileType = file.xib; path = InsuranceInfoCell.xib; sourceTree = "<group>"; };
		ED8AB03B1FAB5019001CFAE7 /* InsuranceTtitleCell.swift */ = {isa = PBXFileReference; lastKnownFileType = sourcecode.swift; path = InsuranceTtitleCell.swift; sourceTree = "<group>"; };
		ED8AB03C1FAB5019001CFAE7 /* InsuranceTtitleCell.xib */ = {isa = PBXFileReference; lastKnownFileType = file.xib; path = InsuranceTtitleCell.xib; sourceTree = "<group>"; };
		ED8AB03D1FAB5019001CFAE7 /* InsurantPersonInfoCell.swift */ = {isa = PBXFileReference; lastKnownFileType = sourcecode.swift; path = InsurantPersonInfoCell.swift; sourceTree = "<group>"; };
		ED8AB03E1FAB5019001CFAE7 /* InsurantPersonInfoCell.xib */ = {isa = PBXFileReference; lastKnownFileType = file.xib; path = InsurantPersonInfoCell.xib; sourceTree = "<group>"; };
		ED8AB04C1FAB566E001CFAE7 /* MenuItemView.swift */ = {isa = PBXFileReference; lastKnownFileType = sourcecode.swift; path = MenuItemView.swift; sourceTree = "<group>"; };
		ED8AB04D1FAB566E001CFAE7 /* MenuView.swift */ = {isa = PBXFileReference; lastKnownFileType = sourcecode.swift; path = MenuView.swift; sourceTree = "<group>"; };
		ED8AB04E1FAB566E001CFAE7 /* PagingMenuController.swift */ = {isa = PBXFileReference; lastKnownFileType = sourcecode.swift; path = PagingMenuController.swift; sourceTree = "<group>"; };
		ED8AB04F1FAB566E001CFAE7 /* PagingMenuOptions.swift */ = {isa = PBXFileReference; lastKnownFileType = sourcecode.swift; path = PagingMenuOptions.swift; sourceTree = "<group>"; };
		ED8AB0501FAB566E001CFAE7 /* PagingViewController.swift */ = {isa = PBXFileReference; lastKnownFileType = sourcecode.swift; path = PagingViewController.swift; sourceTree = "<group>"; };
		ED8AB0521FAB566E001CFAE7 /* GestureHandler.swift */ = {isa = PBXFileReference; lastKnownFileType = sourcecode.swift; path = GestureHandler.swift; sourceTree = "<group>"; };
		ED8AB0531FAB566E001CFAE7 /* LabelSizeCalculatable.swift */ = {isa = PBXFileReference; lastKnownFileType = sourcecode.swift; path = LabelSizeCalculatable.swift; sourceTree = "<group>"; };
		ED8AB0541FAB566E001CFAE7 /* MenuItemMultipliable.swift */ = {isa = PBXFileReference; lastKnownFileType = sourcecode.swift; path = MenuItemMultipliable.swift; sourceTree = "<group>"; };
		ED8AB0551FAB566E001CFAE7 /* MenuItemViewCustomizable.swift */ = {isa = PBXFileReference; lastKnownFileType = sourcecode.swift; path = MenuItemViewCustomizable.swift; sourceTree = "<group>"; };
		ED8AB0561FAB566E001CFAE7 /* MenuViewCustomizable.swift */ = {isa = PBXFileReference; lastKnownFileType = sourcecode.swift; path = MenuViewCustomizable.swift; sourceTree = "<group>"; };
		ED8AB0571FAB566E001CFAE7 /* Pagable.swift */ = {isa = PBXFileReference; lastKnownFileType = sourcecode.swift; path = Pagable.swift; sourceTree = "<group>"; };
		ED8AB0581FAB566E001CFAE7 /* PageDetectable.swift */ = {isa = PBXFileReference; lastKnownFileType = sourcecode.swift; path = PageDetectable.swift; sourceTree = "<group>"; };
		ED8AB0591FAB566E001CFAE7 /* PageLoadable.swift */ = {isa = PBXFileReference; lastKnownFileType = sourcecode.swift; path = PageLoadable.swift; sourceTree = "<group>"; };
		ED8AB05A1FAB566E001CFAE7 /* PagingMenuControllerCustomizable.swift */ = {isa = PBXFileReference; lastKnownFileType = sourcecode.swift; path = PagingMenuControllerCustomizable.swift; sourceTree = "<group>"; };
		ED8AB05B1FAB566E001CFAE7 /* PagingValidator.swift */ = {isa = PBXFileReference; lastKnownFileType = sourcecode.swift; path = PagingValidator.swift; sourceTree = "<group>"; };
		ED8AB05C1FAB566E001CFAE7 /* ViewCleanable.swift */ = {isa = PBXFileReference; lastKnownFileType = sourcecode.swift; path = ViewCleanable.swift; sourceTree = "<group>"; };
		ED8AB06D1FAB5AB8001CFAE7 /* MaterialVC.swift */ = {isa = PBXFileReference; lastKnownFileType = sourcecode.swift; path = MaterialVC.swift; sourceTree = "<group>"; };
		ED8AB06E1FAB5AB8001CFAE7 /* MaterialVC.xib */ = {isa = PBXFileReference; lastKnownFileType = file.xib; path = MaterialVC.xib; sourceTree = "<group>"; };
		ED8AB0721FAB5DBD001CFAE7 /* MaterialListCell.swift */ = {isa = PBXFileReference; lastKnownFileType = sourcecode.swift; path = MaterialListCell.swift; sourceTree = "<group>"; };
		ED8AB0731FAB5DBD001CFAE7 /* MaterialListCell.xib */ = {isa = PBXFileReference; lastKnownFileType = file.xib; path = MaterialListCell.xib; sourceTree = "<group>"; };
		ED9421CB1FA706BF00DBC8AF /* AddMorePersonCell.swift */ = {isa = PBXFileReference; lastKnownFileType = sourcecode.swift; path = AddMorePersonCell.swift; sourceTree = "<group>"; };
		ED9421CC1FA706BF00DBC8AF /* AddMorePersonCell.xib */ = {isa = PBXFileReference; lastKnownFileType = file.xib; path = AddMorePersonCell.xib; sourceTree = "<group>"; };
		ED9421CF1FA706DB00DBC8AF /* AddMorePersonVC.swift */ = {isa = PBXFileReference; lastKnownFileType = sourcecode.swift; path = AddMorePersonVC.swift; sourceTree = "<group>"; };
		ED9421D01FA706DB00DBC8AF /* AddMorePersonVC.xib */ = {isa = PBXFileReference; lastKnownFileType = file.xib; path = AddMorePersonVC.xib; sourceTree = "<group>"; };
		EDA596971FA9CFAA00EFA982 /* AutoImageCell.swift */ = {isa = PBXFileReference; lastKnownFileType = sourcecode.swift; path = AutoImageCell.swift; sourceTree = "<group>"; };
		EDA596981FA9CFAA00EFA982 /* AutoImageCell.xib */ = {isa = PBXFileReference; lastKnownFileType = file.xib; path = AutoImageCell.xib; sourceTree = "<group>"; };
		EDA596A11FA9E3A100EFA982 /* img17577f745777a97.jpg */ = {isa = PBXFileReference; lastKnownFileType = image.jpeg; path = img17577f745777a97.jpg; sourceTree = "<group>"; };
		EDA596A31FA9E76600EFA982 /* img165719ab05c30d4.jpg */ = {isa = PBXFileReference; lastKnownFileType = image.jpeg; path = img165719ab05c30d4.jpg; sourceTree = "<group>"; };
		EDA596AA1FA9F32A00EFA982 /* AspectFitImageView.h */ = {isa = PBXFileReference; lastKnownFileType = sourcecode.c.h; path = AspectFitImageView.h; sourceTree = "<group>"; };
		EDA596AB1FA9F32A00EFA982 /* AspectFitImageView.m */ = {isa = PBXFileReference; lastKnownFileType = sourcecode.c.objc; path = AspectFitImageView.m; sourceTree = "<group>"; };
		EDA596AF1FA9F73E00EFA982 /* AutoTextCell.swift */ = {isa = PBXFileReference; lastKnownFileType = sourcecode.swift; path = AutoTextCell.swift; sourceTree = "<group>"; };
		EDA596B01FA9F73E00EFA982 /* AutoTextCell.xib */ = {isa = PBXFileReference; lastKnownFileType = file.xib; path = AutoTextCell.xib; sourceTree = "<group>"; };
		EDBC9BAB1FA858B60097DDE8 /* PersonModel.swift */ = {isa = PBXFileReference; lastKnownFileType = sourcecode.swift; path = PersonModel.swift; sourceTree = "<group>"; };
		EDBC9EE71FA2DAA600A3480D /* README.md */ = {isa = PBXFileReference; lastKnownFileType = net.daringfireball.markdown; name = README.md; path = WPay/SupportingFiles/README.md; sourceTree = SOURCE_ROOT; };
		EDD2B1081FA2C73700EFBC8D /* AliPayManager.swift */ = {isa = PBXFileReference; lastKnownFileType = sourcecode.swift; path = AliPayManager.swift; sourceTree = "<group>"; };
		EDD2B1091FA2C73700EFBC8D /* AlipaySDK.bundle */ = {isa = PBXFileReference; lastKnownFileType = "wrapper.plug-in"; path = AlipaySDK.bundle; sourceTree = "<group>"; };
		EDD2B10A1FA2C73700EFBC8D /* AlipaySDK.framework */ = {isa = PBXFileReference; lastKnownFileType = wrapper.framework; path = AlipaySDK.framework; sourceTree = "<group>"; };
		EDD2B10B1FA2C73700EFBC8D /* libcrypto.a */ = {isa = PBXFileReference; lastKnownFileType = archive.ar; path = libcrypto.a; sourceTree = "<group>"; };
		EDD2B10C1FA2C73700EFBC8D /* libssl.a */ = {isa = PBXFileReference; lastKnownFileType = archive.ar; path = libssl.a; sourceTree = "<group>"; };
		EDD2B10E1FA2C73700EFBC8D /* aes.h */ = {isa = PBXFileReference; lastKnownFileType = sourcecode.c.h; path = aes.h; sourceTree = "<group>"; };
		EDD2B10F1FA2C73700EFBC8D /* asn1.h */ = {isa = PBXFileReference; lastKnownFileType = sourcecode.c.h; path = asn1.h; sourceTree = "<group>"; };
		EDD2B1101FA2C73700EFBC8D /* asn1_mac.h */ = {isa = PBXFileReference; lastKnownFileType = sourcecode.c.h; path = asn1_mac.h; sourceTree = "<group>"; };
		EDD2B1111FA2C73700EFBC8D /* asn1t.h */ = {isa = PBXFileReference; lastKnownFileType = sourcecode.c.h; path = asn1t.h; sourceTree = "<group>"; };
		EDD2B1121FA2C73700EFBC8D /* bio.h */ = {isa = PBXFileReference; lastKnownFileType = sourcecode.c.h; path = bio.h; sourceTree = "<group>"; };
		EDD2B1131FA2C73700EFBC8D /* blowfish.h */ = {isa = PBXFileReference; lastKnownFileType = sourcecode.c.h; path = blowfish.h; sourceTree = "<group>"; };
		EDD2B1141FA2C73700EFBC8D /* bn.h */ = {isa = PBXFileReference; lastKnownFileType = sourcecode.c.h; path = bn.h; sourceTree = "<group>"; };
		EDD2B1151FA2C73700EFBC8D /* buffer.h */ = {isa = PBXFileReference; lastKnownFileType = sourcecode.c.h; path = buffer.h; sourceTree = "<group>"; };
		EDD2B1161FA2C73700EFBC8D /* camellia.h */ = {isa = PBXFileReference; lastKnownFileType = sourcecode.c.h; path = camellia.h; sourceTree = "<group>"; };
		EDD2B1171FA2C73700EFBC8D /* cast.h */ = {isa = PBXFileReference; lastKnownFileType = sourcecode.c.h; path = cast.h; sourceTree = "<group>"; };
		EDD2B1181FA2C73700EFBC8D /* cmac.h */ = {isa = PBXFileReference; lastKnownFileType = sourcecode.c.h; path = cmac.h; sourceTree = "<group>"; };
		EDD2B1191FA2C73700EFBC8D /* cms.h */ = {isa = PBXFileReference; lastKnownFileType = sourcecode.c.h; path = cms.h; sourceTree = "<group>"; };
		EDD2B11A1FA2C73700EFBC8D /* comp.h */ = {isa = PBXFileReference; lastKnownFileType = sourcecode.c.h; path = comp.h; sourceTree = "<group>"; };
		EDD2B11B1FA2C73700EFBC8D /* conf.h */ = {isa = PBXFileReference; lastKnownFileType = sourcecode.c.h; path = conf.h; sourceTree = "<group>"; };
		EDD2B11C1FA2C73700EFBC8D /* conf_api.h */ = {isa = PBXFileReference; lastKnownFileType = sourcecode.c.h; path = conf_api.h; sourceTree = "<group>"; };
		EDD2B11D1FA2C73700EFBC8D /* crypto.h */ = {isa = PBXFileReference; lastKnownFileType = sourcecode.c.h; path = crypto.h; sourceTree = "<group>"; };
		EDD2B11E1FA2C73700EFBC8D /* des.h */ = {isa = PBXFileReference; lastKnownFileType = sourcecode.c.h; path = des.h; sourceTree = "<group>"; };
		EDD2B11F1FA2C73700EFBC8D /* des_old.h */ = {isa = PBXFileReference; lastKnownFileType = sourcecode.c.h; path = des_old.h; sourceTree = "<group>"; };
		EDD2B1201FA2C73700EFBC8D /* dh.h */ = {isa = PBXFileReference; lastKnownFileType = sourcecode.c.h; path = dh.h; sourceTree = "<group>"; };
		EDD2B1211FA2C73700EFBC8D /* dsa.h */ = {isa = PBXFileReference; lastKnownFileType = sourcecode.c.h; path = dsa.h; sourceTree = "<group>"; };
		EDD2B1221FA2C73700EFBC8D /* dso.h */ = {isa = PBXFileReference; lastKnownFileType = sourcecode.c.h; path = dso.h; sourceTree = "<group>"; };
		EDD2B1231FA2C73700EFBC8D /* dtls1.h */ = {isa = PBXFileReference; lastKnownFileType = sourcecode.c.h; path = dtls1.h; sourceTree = "<group>"; };
		EDD2B1241FA2C73700EFBC8D /* e_os2.h */ = {isa = PBXFileReference; lastKnownFileType = sourcecode.c.h; path = e_os2.h; sourceTree = "<group>"; };
		EDD2B1251FA2C73700EFBC8D /* ebcdic.h */ = {isa = PBXFileReference; lastKnownFileType = sourcecode.c.h; path = ebcdic.h; sourceTree = "<group>"; };
		EDD2B1261FA2C73700EFBC8D /* ec.h */ = {isa = PBXFileReference; lastKnownFileType = sourcecode.c.h; path = ec.h; sourceTree = "<group>"; };
		EDD2B1271FA2C73700EFBC8D /* ecdh.h */ = {isa = PBXFileReference; lastKnownFileType = sourcecode.c.h; path = ecdh.h; sourceTree = "<group>"; };
		EDD2B1281FA2C73700EFBC8D /* ecdsa.h */ = {isa = PBXFileReference; lastKnownFileType = sourcecode.c.h; path = ecdsa.h; sourceTree = "<group>"; };
		EDD2B1291FA2C73700EFBC8D /* engine.h */ = {isa = PBXFileReference; lastKnownFileType = sourcecode.c.h; path = engine.h; sourceTree = "<group>"; };
		EDD2B12A1FA2C73700EFBC8D /* err.h */ = {isa = PBXFileReference; lastKnownFileType = sourcecode.c.h; path = err.h; sourceTree = "<group>"; };
		EDD2B12B1FA2C73700EFBC8D /* evp.h */ = {isa = PBXFileReference; lastKnownFileType = sourcecode.c.h; path = evp.h; sourceTree = "<group>"; };
		EDD2B12C1FA2C73700EFBC8D /* hmac.h */ = {isa = PBXFileReference; lastKnownFileType = sourcecode.c.h; path = hmac.h; sourceTree = "<group>"; };
		EDD2B12D1FA2C73700EFBC8D /* idea.h */ = {isa = PBXFileReference; lastKnownFileType = sourcecode.c.h; path = idea.h; sourceTree = "<group>"; };
		EDD2B12E1FA2C73700EFBC8D /* krb5_asn.h */ = {isa = PBXFileReference; lastKnownFileType = sourcecode.c.h; path = krb5_asn.h; sourceTree = "<group>"; };
		EDD2B12F1FA2C73700EFBC8D /* kssl.h */ = {isa = PBXFileReference; lastKnownFileType = sourcecode.c.h; path = kssl.h; sourceTree = "<group>"; };
		EDD2B1301FA2C73700EFBC8D /* lhash.h */ = {isa = PBXFileReference; lastKnownFileType = sourcecode.c.h; path = lhash.h; sourceTree = "<group>"; };
		EDD2B1311FA2C73700EFBC8D /* md4.h */ = {isa = PBXFileReference; lastKnownFileType = sourcecode.c.h; path = md4.h; sourceTree = "<group>"; };
		EDD2B1321FA2C73700EFBC8D /* md5.h */ = {isa = PBXFileReference; lastKnownFileType = sourcecode.c.h; path = md5.h; sourceTree = "<group>"; };
		EDD2B1331FA2C73700EFBC8D /* mdc2.h */ = {isa = PBXFileReference; lastKnownFileType = sourcecode.c.h; path = mdc2.h; sourceTree = "<group>"; };
		EDD2B1341FA2C73700EFBC8D /* modes.h */ = {isa = PBXFileReference; lastKnownFileType = sourcecode.c.h; path = modes.h; sourceTree = "<group>"; };
		EDD2B1351FA2C73700EFBC8D /* obj_mac.h */ = {isa = PBXFileReference; lastKnownFileType = sourcecode.c.h; path = obj_mac.h; sourceTree = "<group>"; };
		EDD2B1361FA2C73700EFBC8D /* objects.h */ = {isa = PBXFileReference; lastKnownFileType = sourcecode.c.h; path = objects.h; sourceTree = "<group>"; };
		EDD2B1371FA2C73700EFBC8D /* ocsp.h */ = {isa = PBXFileReference; lastKnownFileType = sourcecode.c.h; path = ocsp.h; sourceTree = "<group>"; };
		EDD2B1381FA2C73700EFBC8D /* opensslconf.h */ = {isa = PBXFileReference; lastKnownFileType = sourcecode.c.h; path = opensslconf.h; sourceTree = "<group>"; };
		EDD2B1391FA2C73700EFBC8D /* opensslv.h */ = {isa = PBXFileReference; lastKnownFileType = sourcecode.c.h; path = opensslv.h; sourceTree = "<group>"; };
		EDD2B13A1FA2C73700EFBC8D /* ossl_typ.h */ = {isa = PBXFileReference; lastKnownFileType = sourcecode.c.h; path = ossl_typ.h; sourceTree = "<group>"; };
		EDD2B13B1FA2C73700EFBC8D /* pem.h */ = {isa = PBXFileReference; lastKnownFileType = sourcecode.c.h; path = pem.h; sourceTree = "<group>"; };
		EDD2B13C1FA2C73700EFBC8D /* pem2.h */ = {isa = PBXFileReference; lastKnownFileType = sourcecode.c.h; path = pem2.h; sourceTree = "<group>"; };
		EDD2B13D1FA2C73700EFBC8D /* pkcs12.h */ = {isa = PBXFileReference; lastKnownFileType = sourcecode.c.h; path = pkcs12.h; sourceTree = "<group>"; };
		EDD2B13E1FA2C73700EFBC8D /* pkcs7.h */ = {isa = PBXFileReference; lastKnownFileType = sourcecode.c.h; path = pkcs7.h; sourceTree = "<group>"; };
		EDD2B13F1FA2C73700EFBC8D /* pqueue.h */ = {isa = PBXFileReference; lastKnownFileType = sourcecode.c.h; path = pqueue.h; sourceTree = "<group>"; };
		EDD2B1401FA2C73700EFBC8D /* rand.h */ = {isa = PBXFileReference; lastKnownFileType = sourcecode.c.h; path = rand.h; sourceTree = "<group>"; };
		EDD2B1411FA2C73700EFBC8D /* rc2.h */ = {isa = PBXFileReference; lastKnownFileType = sourcecode.c.h; path = rc2.h; sourceTree = "<group>"; };
		EDD2B1421FA2C73700EFBC8D /* rc4.h */ = {isa = PBXFileReference; lastKnownFileType = sourcecode.c.h; path = rc4.h; sourceTree = "<group>"; };
		EDD2B1431FA2C73700EFBC8D /* ripemd.h */ = {isa = PBXFileReference; lastKnownFileType = sourcecode.c.h; path = ripemd.h; sourceTree = "<group>"; };
		EDD2B1441FA2C73700EFBC8D /* rsa.h */ = {isa = PBXFileReference; lastKnownFileType = sourcecode.c.h; path = rsa.h; sourceTree = "<group>"; };
		EDD2B1451FA2C73700EFBC8D /* safestack.h */ = {isa = PBXFileReference; lastKnownFileType = sourcecode.c.h; path = safestack.h; sourceTree = "<group>"; };
		EDD2B1461FA2C73700EFBC8D /* seed.h */ = {isa = PBXFileReference; lastKnownFileType = sourcecode.c.h; path = seed.h; sourceTree = "<group>"; };
		EDD2B1471FA2C73700EFBC8D /* sha.h */ = {isa = PBXFileReference; lastKnownFileType = sourcecode.c.h; path = sha.h; sourceTree = "<group>"; };
		EDD2B1481FA2C73700EFBC8D /* srp.h */ = {isa = PBXFileReference; lastKnownFileType = sourcecode.c.h; path = srp.h; sourceTree = "<group>"; };
		EDD2B1491FA2C73700EFBC8D /* srtp.h */ = {isa = PBXFileReference; lastKnownFileType = sourcecode.c.h; path = srtp.h; sourceTree = "<group>"; };
		EDD2B14A1FA2C73700EFBC8D /* ssl.h */ = {isa = PBXFileReference; lastKnownFileType = sourcecode.c.h; path = ssl.h; sourceTree = "<group>"; };
		EDD2B14B1FA2C73700EFBC8D /* ssl2.h */ = {isa = PBXFileReference; lastKnownFileType = sourcecode.c.h; path = ssl2.h; sourceTree = "<group>"; };
		EDD2B14C1FA2C73700EFBC8D /* ssl23.h */ = {isa = PBXFileReference; lastKnownFileType = sourcecode.c.h; path = ssl23.h; sourceTree = "<group>"; };
		EDD2B14D1FA2C73700EFBC8D /* ssl3.h */ = {isa = PBXFileReference; lastKnownFileType = sourcecode.c.h; path = ssl3.h; sourceTree = "<group>"; };
		EDD2B14E1FA2C73700EFBC8D /* stack.h */ = {isa = PBXFileReference; lastKnownFileType = sourcecode.c.h; path = stack.h; sourceTree = "<group>"; };
		EDD2B14F1FA2C73700EFBC8D /* symhacks.h */ = {isa = PBXFileReference; lastKnownFileType = sourcecode.c.h; path = symhacks.h; sourceTree = "<group>"; };
		EDD2B1501FA2C73700EFBC8D /* tls1.h */ = {isa = PBXFileReference; lastKnownFileType = sourcecode.c.h; path = tls1.h; sourceTree = "<group>"; };
		EDD2B1511FA2C73700EFBC8D /* ts.h */ = {isa = PBXFileReference; lastKnownFileType = sourcecode.c.h; path = ts.h; sourceTree = "<group>"; };
		EDD2B1521FA2C73700EFBC8D /* txt_db.h */ = {isa = PBXFileReference; lastKnownFileType = sourcecode.c.h; path = txt_db.h; sourceTree = "<group>"; };
		EDD2B1531FA2C73700EFBC8D /* ui.h */ = {isa = PBXFileReference; lastKnownFileType = sourcecode.c.h; path = ui.h; sourceTree = "<group>"; };
		EDD2B1541FA2C73700EFBC8D /* ui_compat.h */ = {isa = PBXFileReference; lastKnownFileType = sourcecode.c.h; path = ui_compat.h; sourceTree = "<group>"; };
		EDD2B1551FA2C73700EFBC8D /* whrlpool.h */ = {isa = PBXFileReference; lastKnownFileType = sourcecode.c.h; path = whrlpool.h; sourceTree = "<group>"; };
		EDD2B1561FA2C73700EFBC8D /* x509.h */ = {isa = PBXFileReference; lastKnownFileType = sourcecode.c.h; path = x509.h; sourceTree = "<group>"; };
		EDD2B1571FA2C73700EFBC8D /* x509_vfy.h */ = {isa = PBXFileReference; lastKnownFileType = sourcecode.c.h; path = x509_vfy.h; sourceTree = "<group>"; };
		EDD2B1581FA2C73700EFBC8D /* x509v3.h */ = {isa = PBXFileReference; lastKnownFileType = sourcecode.c.h; path = x509v3.h; sourceTree = "<group>"; };
		EDD2B1591FA2C73700EFBC8D /* Order.h */ = {isa = PBXFileReference; lastKnownFileType = sourcecode.c.h; path = Order.h; sourceTree = "<group>"; };
		EDD2B15A1FA2C73700EFBC8D /* Order.m */ = {isa = PBXFileReference; lastKnownFileType = sourcecode.c.objc; path = Order.m; sourceTree = "<group>"; };
		EDD2B15C1FA2C73700EFBC8D /* base64.h */ = {isa = PBXFileReference; lastKnownFileType = sourcecode.c.h; path = base64.h; sourceTree = "<group>"; };
		EDD2B15D1FA2C73700EFBC8D /* base64.m */ = {isa = PBXFileReference; lastKnownFileType = sourcecode.c.objc; path = base64.m; sourceTree = "<group>"; };
		EDD2B15E1FA2C73700EFBC8D /* config.h */ = {isa = PBXFileReference; lastKnownFileType = sourcecode.c.h; path = config.h; sourceTree = "<group>"; };
		EDD2B15F1FA2C73700EFBC8D /* NSDataEx.h */ = {isa = PBXFileReference; lastKnownFileType = sourcecode.c.h; path = NSDataEx.h; sourceTree = "<group>"; };
		EDD2B1601FA2C73700EFBC8D /* NSDataEx.m */ = {isa = PBXFileReference; lastKnownFileType = sourcecode.c.objc; path = NSDataEx.m; sourceTree = "<group>"; };
		EDD2B1611FA2C73700EFBC8D /* openssl_wrapper.h */ = {isa = PBXFileReference; lastKnownFileType = sourcecode.c.h; path = openssl_wrapper.h; sourceTree = "<group>"; };
		EDD2B1621FA2C73700EFBC8D /* openssl_wrapper.m */ = {isa = PBXFileReference; lastKnownFileType = sourcecode.c.objc; path = openssl_wrapper.m; sourceTree = "<group>"; };
		EDD2B1631FA2C73700EFBC8D /* RSADataSigner.h */ = {isa = PBXFileReference; lastKnownFileType = sourcecode.c.h; path = RSADataSigner.h; sourceTree = "<group>"; };
		EDD2B1641FA2C73700EFBC8D /* RSADataSigner.m */ = {isa = PBXFileReference; lastKnownFileType = sourcecode.c.objc; path = RSADataSigner.m; sourceTree = "<group>"; };
		EDD2B1651FA2C73700EFBC8D /* RSADataVerifier.h */ = {isa = PBXFileReference; lastKnownFileType = sourcecode.c.h; path = RSADataVerifier.h; sourceTree = "<group>"; };
		EDD2B1661FA2C73700EFBC8D /* RSADataVerifier.m */ = {isa = PBXFileReference; lastKnownFileType = sourcecode.c.objc; path = RSADataVerifier.m; sourceTree = "<group>"; };
/* End PBXFileReference section */

/* Begin PBXFrameworksBuildPhase section */
		ED6AD0CD1F99C0B50008871F /* Frameworks */ = {
			isa = PBXFrameworksBuildPhase;
			buildActionMask = 2147483647;
			files = (
				ED49FA441FA1B7CC007BBC4B /* Foundation.framework in Frameworks */,
				ED49FA421FA1B7C3007BBC4B /* UIKit.framework in Frameworks */,
				ED49FA401FA1B785007BBC4B /* CoreMotion.framework in Frameworks */,
				ED49FA3E1FA1B77C007BBC4B /* CFNetwork.framework in Frameworks */,
				ED49FA3C1FA1B773007BBC4B /* CoreGraphics.framework in Frameworks */,
				EDD2B16B1FA2C74B00EFBC8D /* libssl.a in Frameworks */,
				ED49FA3A1FA1B76A007BBC4B /* CoreText.framework in Frameworks */,
				EDD2B16A1FA2C74800EFBC8D /* libcrypto.a in Frameworks */,
				ED49FA381FA1B759007BBC4B /* QuartzCore.framework in Frameworks */,
				ED49FA361FA1B750007BBC4B /* CoreTelephony.framework in Frameworks */,
				ED49FA341FA1B742007BBC4B /* SystemConfiguration.framework in Frameworks */,
				ED49FA321FA1B739007BBC4B /* libz.tbd in Frameworks */,
				EDD2B1691FA2C74400EFBC8D /* AlipaySDK.framework in Frameworks */,
				ED49FA301FA1B72F007BBC4B /* libc++.tbd in Frameworks */,
				921D3EB4817272F52CAE0C7F /* Pods_WPay.framework in Frameworks */,
			);
			runOnlyForDeploymentPostprocessing = 0;
		};
		ED6AD0E11F99C0B50008871F /* Frameworks */ = {
			isa = PBXFrameworksBuildPhase;
			buildActionMask = 2147483647;
			files = (
			);
			runOnlyForDeploymentPostprocessing = 0;
		};
		ED6AD0EC1F99C0B50008871F /* Frameworks */ = {
			isa = PBXFrameworksBuildPhase;
			buildActionMask = 2147483647;
			files = (
			);
			runOnlyForDeploymentPostprocessing = 0;
		};
/* End PBXFrameworksBuildPhase section */

/* Begin PBXGroup section */
		0F82E637C9A4646932840C39 /* Pods */ = {
			isa = PBXGroup;
			children = (
				A43120BC1EDDABE25C2E9C25 /* Pods-WPay.debug.xcconfig */,
				1D63645959CA2647BA043E6F /* Pods-WPay.release.xcconfig */,
			);
			name = Pods;
			sourceTree = "<group>";
		};
		42123E5C69F41040D47BC431 /* Frameworks */ = {
			isa = PBXGroup;
			children = (
				ED49FA431FA1B7CC007BBC4B /* Foundation.framework */,
				ED49FA411FA1B7C3007BBC4B /* UIKit.framework */,
				ED49FA3F1FA1B785007BBC4B /* CoreMotion.framework */,
				ED49FA3D1FA1B77C007BBC4B /* CFNetwork.framework */,
				ED49FA3B1FA1B773007BBC4B /* CoreGraphics.framework */,
				ED49FA391FA1B76A007BBC4B /* CoreText.framework */,
				ED49FA371FA1B759007BBC4B /* QuartzCore.framework */,
				ED49FA351FA1B750007BBC4B /* CoreTelephony.framework */,
				ED49FA331FA1B742007BBC4B /* SystemConfiguration.framework */,
				ED49FA311FA1B739007BBC4B /* libz.tbd */,
				ED49FA2F1FA1B72F007BBC4B /* libc++.tbd */,
				2D22508490546BDB58E6C83E /* Pods_WPay.framework */,
			);
			name = Frameworks;
			sourceTree = "<group>";
		};
		ED28E4CF1FA1B00100ADFB2C /* IAP */ = {
			isa = PBXGroup;
			children = (
				ED28E4D01FA1B00100ADFB2C /* IAPManager.h */,
				ED28E4D11FA1B00100ADFB2C /* IAPManager.m */,
				ED28E4D21FA1B00100ADFB2C /* SandBoxHelper.h */,
				ED28E4D31FA1B00100ADFB2C /* SandBoxHelper.m */,
			);
			path = IAP;
			sourceTree = "<group>";
		};
		ED28E4EC1FA1B45200ADFB2C /* Toast */ = {
			isa = PBXGroup;
			children = (
				ED28E4ED1FA1B45200ADFB2C /* Toast.swift */,
				ED28E4EE1FA1B45200ADFB2C /* Toast.xib */,
			);
			path = Toast;
			sourceTree = "<group>";
		};
		ED28E4EF1FA1B45200ADFB2C /* HUDView */ = {
			isa = PBXGroup;
			children = (
				ED28E4F01FA1B45200ADFB2C /* HUDView.swift */,
				ED28E4F11FA1B45200ADFB2C /* HUDView.xib */,
			);
			path = HUDView;
			sourceTree = "<group>";
		};
		ED49FA481FA1C1A4007BBC4B /* Views */ = {
			isa = PBXGroup;
			children = (
				ED8AB04B1FAB566E001CFAE7 /* PagingMenuController */,
				ED28E4EF1FA1B45200ADFB2C /* HUDView */,
				ED28E4EC1FA1B45200ADFB2C /* Toast */,
			);
			path = Views;
			sourceTree = "<group>";
		};
		ED4D16E81FA2C49F00E98403 /* ThirdParty */ = {
			isa = PBXGroup;
			children = (
				EDD2B1071FA2C73700EFBC8D /* AliSDK */,
				ED28E4CF1FA1B00100ADFB2C /* IAP */,
			);
			path = ThirdParty;
			sourceTree = "<group>";
		};
		ED6AD0C71F99C0B50008871F = {
			isa = PBXGroup;
			children = (
				ED6AD0D21F99C0B50008871F /* WPay */,
				ED6AD0E71F99C0B50008871F /* WPayTests */,
				ED6AD0F21F99C0B50008871F /* WPayUITests */,
				ED6AD0D11F99C0B50008871F /* Products */,
				0F82E637C9A4646932840C39 /* Pods */,
				42123E5C69F41040D47BC431 /* Frameworks */,
			);
			sourceTree = "<group>";
		};
		ED6AD0D11F99C0B50008871F /* Products */ = {
			isa = PBXGroup;
			children = (
				ED6AD0D01F99C0B50008871F /* WPay.app */,
				ED6AD0E41F99C0B50008871F /* WPayTests.xctest */,
				ED6AD0EF1F99C0B50008871F /* WPayUITests.xctest */,
			);
			name = Products;
			sourceTree = "<group>";
		};
		ED6AD0D21F99C0B50008871F /* WPay */ = {
			isa = PBXGroup;
			children = (
				ED6AD0D31F99C0B50008871F /* AppDelegate.swift */,
				ED8AB0231FAA1772001CFAE7 /* ConfigManager.swift */,
				ED9421B91FA6FAD300DBC8AF /* Business */,
				ED4D16E81FA2C49F00E98403 /* ThirdParty */,
				ED49FA481FA1C1A4007BBC4B /* Views */,
				ED9421BB1FA6FB9100DBC8AF /* SupportingFiles */,
			);
			path = WPay;
			sourceTree = "<group>";
		};
		ED6AD0E71F99C0B50008871F /* WPayTests */ = {
			isa = PBXGroup;
			children = (
				ED6AD0E81F99C0B50008871F /* WPayTests.swift */,
				ED6AD0EA1F99C0B50008871F /* Info.plist */,
			);
			path = WPayTests;
			sourceTree = "<group>";
		};
		ED6AD0F21F99C0B50008871F /* WPayUITests */ = {
			isa = PBXGroup;
			children = (
				ED6AD0F31F99C0B50008871F /* WPayUITests.swift */,
				ED6AD0F51F99C0B50008871F /* Info.plist */,
			);
			path = WPayUITests;
			sourceTree = "<group>";
		};
		ED6FAA0A1FA95CFC0015D962 /* Material */ = {
			isa = PBXGroup;
			children = (
				ED8AB0711FAB5D88001CFAE7 /* View */,
				ED6FAA0B1FA9934F0015D962 /* cityCode.json */,
				ED8AB06D1FAB5AB8001CFAE7 /* MaterialVC.swift */,
				ED8AB06E1FAB5AB8001CFAE7 /* MaterialVC.xib */,
				ED0D48DD1FAC17250062A3BE /* MaterialSelectVC.swift */,
				ED0D48DE1FAC17250062A3BE /* MaterialSelectVC.xib */,
				ED0D48E51FAC40670062A3BE /* MaterialBuyVC.swift */,
				ED0D48E61FAC40670062A3BE /* MaterialBuyVC.xib */,
				ED0D48E91FAC4DD80062A3BE /* MaterialOrderVC.swift */,
				ED0D48EA1FAC4DD80062A3BE /* MaterialOrderVC.xib */,
				ED67B7D11FAC5CB800533AAC /* CommentVC.swift */,
				ED67B7D21FAC5CB800533AAC /* CommentVC.xib */,
			);
			path = Material;
			sourceTree = "<group>";
		};
		ED6FAA0C1FA99F300015D962 /* Designer */ = {
			isa = PBXGroup;
			children = (
				EDA596A11FA9E3A100EFA982 /* img17577f745777a97.jpg */,
				EDA596A31FA9E76600EFA982 /* img165719ab05c30d4.jpg */,
				EDA596961FA9CFAA00EFA982 /* View */,
				ED6FAA0D1FA99F770015D962 /* DesignerProductDetailVC.swift */,
				ED6FAA0E1FA99F770015D962 /* DesignerProductDetailVC.xib */,
			);
			path = Designer;
			sourceTree = "<group>";
		};
		ED8AB0301FAB5019001CFAE7 /* Insurance */ = {
			isa = PBXGroup;
			children = (
				ED8AB0311FAB5019001CFAE7 /* EnsureInsuranceVC.swift */,
				ED8AB0321FAB5019001CFAE7 /* EnsureInsuranceVC.xib */,
				ED8AB0331FAB5019001CFAE7 /* InsuranceVC.swift */,
				ED8AB0341FAB5019001CFAE7 /* InsuranceVC.xib */,
				ED8AB0351FAB5019001CFAE7 /* Model */,
				ED8AB0361FAB5019001CFAE7 /* View */,
			);
			path = Insurance;
			sourceTree = "<group>";
		};
		ED8AB0351FAB5019001CFAE7 /* Model */ = {
			isa = PBXGroup;
			children = (
			);
			path = Model;
			sourceTree = "<group>";
		};
		ED8AB0361FAB5019001CFAE7 /* View */ = {
			isa = PBXGroup;
			children = (
				ED8AB0371FAB5019001CFAE7 /* InsuranceEditCell.swift */,
				ED8AB0381FAB5019001CFAE7 /* InsuranceEditCell.xib */,
				ED8AB0391FAB5019001CFAE7 /* InsuranceInfoCell.swift */,
				ED8AB03A1FAB5019001CFAE7 /* InsuranceInfoCell.xib */,
				ED8AB03B1FAB5019001CFAE7 /* InsuranceTtitleCell.swift */,
				ED8AB03C1FAB5019001CFAE7 /* InsuranceTtitleCell.xib */,
				ED8AB03D1FAB5019001CFAE7 /* InsurantPersonInfoCell.swift */,
				ED8AB03E1FAB5019001CFAE7 /* InsurantPersonInfoCell.xib */,
			);
			path = View;
			sourceTree = "<group>";
		};
		ED8AB04B1FAB566E001CFAE7 /* PagingMenuController */ = {
			isa = PBXGroup;
			children = (
				ED8AB04C1FAB566E001CFAE7 /* MenuItemView.swift */,
				ED8AB04D1FAB566E001CFAE7 /* MenuView.swift */,
				ED8AB04E1FAB566E001CFAE7 /* PagingMenuController.swift */,
				ED8AB04F1FAB566E001CFAE7 /* PagingMenuOptions.swift */,
				ED8AB0501FAB566E001CFAE7 /* PagingViewController.swift */,
				ED8AB0511FAB566E001CFAE7 /* Protocols */,
			);
			path = PagingMenuController;
			sourceTree = "<group>";
		};
		ED8AB0511FAB566E001CFAE7 /* Protocols */ = {
			isa = PBXGroup;
			children = (
				ED8AB0521FAB566E001CFAE7 /* GestureHandler.swift */,
				ED8AB0531FAB566E001CFAE7 /* LabelSizeCalculatable.swift */,
				ED8AB0541FAB566E001CFAE7 /* MenuItemMultipliable.swift */,
				ED8AB0551FAB566E001CFAE7 /* MenuItemViewCustomizable.swift */,
				ED8AB0561FAB566E001CFAE7 /* MenuViewCustomizable.swift */,
				ED8AB0571FAB566E001CFAE7 /* Pagable.swift */,
				ED8AB0581FAB566E001CFAE7 /* PageDetectable.swift */,
				ED8AB0591FAB566E001CFAE7 /* PageLoadable.swift */,
				ED8AB05A1FAB566E001CFAE7 /* PagingMenuControllerCustomizable.swift */,
				ED8AB05B1FAB566E001CFAE7 /* PagingValidator.swift */,
				ED8AB05C1FAB566E001CFAE7 /* ViewCleanable.swift */,
			);
			path = Protocols;
			sourceTree = "<group>";
		};
		ED8AB0711FAB5D88001CFAE7 /* View */ = {
			isa = PBXGroup;
			children = (
				ED8AB0721FAB5DBD001CFAE7 /* MaterialListCell.swift */,
				ED8AB0731FAB5DBD001CFAE7 /* MaterialListCell.xib */,
				ED0D48E11FAC17880062A3BE /* MaterialItemCell.swift */,
				ED0D48E21FAC17880062A3BE /* MaterialItemCell.xib */,
				ED0D48ED1FAC4E8F0062A3BE /* MaterialOrderCell.swift */,
				ED0D48EE1FAC4E8F0062A3BE /* MaterialOrderCell.xib */,
			);
			path = View;
			sourceTree = "<group>";
		};
		ED9421B91FA6FAD300DBC8AF /* Business */ = {
			isa = PBXGroup;
			children = (
				ED8AB0301FAB5019001CFAE7 /* Insurance */,
				ED6FAA0C1FA99F300015D962 /* Designer */,
				ED6FAA0A1FA95CFC0015D962 /* Material */,
				ED9421C31FA7062A00DBC8AF /* AddMorePersonVC */,
				ED6AD0D71F99C0B50008871F /* Main.storyboard */,
				ED6AD0DC1F99C0B50008871F /* LaunchScreen.storyboard */,
				ED9421BA1FA6FB7A00DBC8AF /* MainPay */,
			);
			path = Business;
			sourceTree = "<group>";
		};
		ED9421BA1FA6FB7A00DBC8AF /* MainPay */ = {
			isa = PBXGroup;
			children = (
				ED6AD0D51F99C0B50008871F /* ViewController.swift */,
				ED28E4E11FA1B1B300ADFB2C /* ApplePurchaseVController.swift */,
				ED28E4E21FA1B1B300ADFB2C /* ApplePurchaseVController.xib */,
			);
			path = MainPay;
			sourceTree = "<group>";
		};
		ED9421BB1FA6FB9100DBC8AF /* SupportingFiles */ = {
			isa = PBXGroup;
			children = (
				ED6628911FA85C7E00ECBE25 /* R.generated.swift */,
				ED6AD0DA1F99C0B50008871F /* Assets.xcassets */,
				ED6AD0DF1F99C0B50008871F /* Info.plist */,
				ED28E4EB1FA1B2FF00ADFB2C /* WPay-Bridging-Header.h */,
				EDBC9EE71FA2DAA600A3480D /* README.md */,
			);
			path = SupportingFiles;
			sourceTree = "<group>";
		};
		ED9421C31FA7062A00DBC8AF /* AddMorePersonVC */ = {
			isa = PBXGroup;
			children = (
				ED9421CA1FA7069500DBC8AF /* Model */,
				ED9421C91FA7068500DBC8AF /* View */,
				ED9421CF1FA706DB00DBC8AF /* AddMorePersonVC.swift */,
				ED9421D01FA706DB00DBC8AF /* AddMorePersonVC.xib */,
			);
			path = AddMorePersonVC;
			sourceTree = "<group>";
		};
		ED9421C91FA7068500DBC8AF /* View */ = {
			isa = PBXGroup;
			children = (
				ED9421CB1FA706BF00DBC8AF /* AddMorePersonCell.swift */,
				ED9421CC1FA706BF00DBC8AF /* AddMorePersonCell.xib */,
			);
			path = View;
			sourceTree = "<group>";
		};
		ED9421CA1FA7069500DBC8AF /* Model */ = {
			isa = PBXGroup;
			children = (
				EDBC9BAB1FA858B60097DDE8 /* PersonModel.swift */,
			);
			path = Model;
			sourceTree = "<group>";
		};
		EDA596961FA9CFAA00EFA982 /* View */ = {
			isa = PBXGroup;
			children = (
				EDA596971FA9CFAA00EFA982 /* AutoImageCell.swift */,
				EDA596981FA9CFAA00EFA982 /* AutoImageCell.xib */,
				EDA596AF1FA9F73E00EFA982 /* AutoTextCell.swift */,
				EDA596B01FA9F73E00EFA982 /* AutoTextCell.xib */,
				EDA596AA1FA9F32A00EFA982 /* AspectFitImageView.h */,
				EDA596AB1FA9F32A00EFA982 /* AspectFitImageView.m */,
			);
			path = View;
			sourceTree = "<group>";
		};
		EDD2B1071FA2C73700EFBC8D /* AliSDK */ = {
			isa = PBXGroup;
			children = (
				EDD2B1081FA2C73700EFBC8D /* AliPayManager.swift */,
				EDD2B1091FA2C73700EFBC8D /* AlipaySDK.bundle */,
				EDD2B10A1FA2C73700EFBC8D /* AlipaySDK.framework */,
				EDD2B10B1FA2C73700EFBC8D /* libcrypto.a */,
				EDD2B10C1FA2C73700EFBC8D /* libssl.a */,
				EDD2B10D1FA2C73700EFBC8D /* openssl */,
				EDD2B1591FA2C73700EFBC8D /* Order.h */,
				EDD2B15A1FA2C73700EFBC8D /* Order.m */,
				EDD2B15B1FA2C73700EFBC8D /* Util */,
			);
			path = AliSDK;
			sourceTree = "<group>";
		};
		EDD2B10D1FA2C73700EFBC8D /* openssl */ = {
			isa = PBXGroup;
			children = (
				EDD2B10E1FA2C73700EFBC8D /* aes.h */,
				EDD2B10F1FA2C73700EFBC8D /* asn1.h */,
				EDD2B1101FA2C73700EFBC8D /* asn1_mac.h */,
				EDD2B1111FA2C73700EFBC8D /* asn1t.h */,
				EDD2B1121FA2C73700EFBC8D /* bio.h */,
				EDD2B1131FA2C73700EFBC8D /* blowfish.h */,
				EDD2B1141FA2C73700EFBC8D /* bn.h */,
				EDD2B1151FA2C73700EFBC8D /* buffer.h */,
				EDD2B1161FA2C73700EFBC8D /* camellia.h */,
				EDD2B1171FA2C73700EFBC8D /* cast.h */,
				EDD2B1181FA2C73700EFBC8D /* cmac.h */,
				EDD2B1191FA2C73700EFBC8D /* cms.h */,
				EDD2B11A1FA2C73700EFBC8D /* comp.h */,
				EDD2B11B1FA2C73700EFBC8D /* conf.h */,
				EDD2B11C1FA2C73700EFBC8D /* conf_api.h */,
				EDD2B11D1FA2C73700EFBC8D /* crypto.h */,
				EDD2B11E1FA2C73700EFBC8D /* des.h */,
				EDD2B11F1FA2C73700EFBC8D /* des_old.h */,
				EDD2B1201FA2C73700EFBC8D /* dh.h */,
				EDD2B1211FA2C73700EFBC8D /* dsa.h */,
				EDD2B1221FA2C73700EFBC8D /* dso.h */,
				EDD2B1231FA2C73700EFBC8D /* dtls1.h */,
				EDD2B1241FA2C73700EFBC8D /* e_os2.h */,
				EDD2B1251FA2C73700EFBC8D /* ebcdic.h */,
				EDD2B1261FA2C73700EFBC8D /* ec.h */,
				EDD2B1271FA2C73700EFBC8D /* ecdh.h */,
				EDD2B1281FA2C73700EFBC8D /* ecdsa.h */,
				EDD2B1291FA2C73700EFBC8D /* engine.h */,
				EDD2B12A1FA2C73700EFBC8D /* err.h */,
				EDD2B12B1FA2C73700EFBC8D /* evp.h */,
				EDD2B12C1FA2C73700EFBC8D /* hmac.h */,
				EDD2B12D1FA2C73700EFBC8D /* idea.h */,
				EDD2B12E1FA2C73700EFBC8D /* krb5_asn.h */,
				EDD2B12F1FA2C73700EFBC8D /* kssl.h */,
				EDD2B1301FA2C73700EFBC8D /* lhash.h */,
				EDD2B1311FA2C73700EFBC8D /* md4.h */,
				EDD2B1321FA2C73700EFBC8D /* md5.h */,
				EDD2B1331FA2C73700EFBC8D /* mdc2.h */,
				EDD2B1341FA2C73700EFBC8D /* modes.h */,
				EDD2B1351FA2C73700EFBC8D /* obj_mac.h */,
				EDD2B1361FA2C73700EFBC8D /* objects.h */,
				EDD2B1371FA2C73700EFBC8D /* ocsp.h */,
				EDD2B1381FA2C73700EFBC8D /* opensslconf.h */,
				EDD2B1391FA2C73700EFBC8D /* opensslv.h */,
				EDD2B13A1FA2C73700EFBC8D /* ossl_typ.h */,
				EDD2B13B1FA2C73700EFBC8D /* pem.h */,
				EDD2B13C1FA2C73700EFBC8D /* pem2.h */,
				EDD2B13D1FA2C73700EFBC8D /* pkcs12.h */,
				EDD2B13E1FA2C73700EFBC8D /* pkcs7.h */,
				EDD2B13F1FA2C73700EFBC8D /* pqueue.h */,
				EDD2B1401FA2C73700EFBC8D /* rand.h */,
				EDD2B1411FA2C73700EFBC8D /* rc2.h */,
				EDD2B1421FA2C73700EFBC8D /* rc4.h */,
				EDD2B1431FA2C73700EFBC8D /* ripemd.h */,
				EDD2B1441FA2C73700EFBC8D /* rsa.h */,
				EDD2B1451FA2C73700EFBC8D /* safestack.h */,
				EDD2B1461FA2C73700EFBC8D /* seed.h */,
				EDD2B1471FA2C73700EFBC8D /* sha.h */,
				EDD2B1481FA2C73700EFBC8D /* srp.h */,
				EDD2B1491FA2C73700EFBC8D /* srtp.h */,
				EDD2B14A1FA2C73700EFBC8D /* ssl.h */,
				EDD2B14B1FA2C73700EFBC8D /* ssl2.h */,
				EDD2B14C1FA2C73700EFBC8D /* ssl23.h */,
				EDD2B14D1FA2C73700EFBC8D /* ssl3.h */,
				EDD2B14E1FA2C73700EFBC8D /* stack.h */,
				EDD2B14F1FA2C73700EFBC8D /* symhacks.h */,
				EDD2B1501FA2C73700EFBC8D /* tls1.h */,
				EDD2B1511FA2C73700EFBC8D /* ts.h */,
				EDD2B1521FA2C73700EFBC8D /* txt_db.h */,
				EDD2B1531FA2C73700EFBC8D /* ui.h */,
				EDD2B1541FA2C73700EFBC8D /* ui_compat.h */,
				EDD2B1551FA2C73700EFBC8D /* whrlpool.h */,
				EDD2B1561FA2C73700EFBC8D /* x509.h */,
				EDD2B1571FA2C73700EFBC8D /* x509_vfy.h */,
				EDD2B1581FA2C73700EFBC8D /* x509v3.h */,
			);
			path = openssl;
			sourceTree = "<group>";
		};
		EDD2B15B1FA2C73700EFBC8D /* Util */ = {
			isa = PBXGroup;
			children = (
				EDD2B15C1FA2C73700EFBC8D /* base64.h */,
				EDD2B15D1FA2C73700EFBC8D /* base64.m */,
				EDD2B15E1FA2C73700EFBC8D /* config.h */,
				EDD2B15F1FA2C73700EFBC8D /* NSDataEx.h */,
				EDD2B1601FA2C73700EFBC8D /* NSDataEx.m */,
				EDD2B1611FA2C73700EFBC8D /* openssl_wrapper.h */,
				EDD2B1621FA2C73700EFBC8D /* openssl_wrapper.m */,
				EDD2B1631FA2C73700EFBC8D /* RSADataSigner.h */,
				EDD2B1641FA2C73700EFBC8D /* RSADataSigner.m */,
				EDD2B1651FA2C73700EFBC8D /* RSADataVerifier.h */,
				EDD2B1661FA2C73700EFBC8D /* RSADataVerifier.m */,
			);
			path = Util;
			sourceTree = "<group>";
		};
/* End PBXGroup section */

/* Begin PBXNativeTarget section */
		ED6AD0CF1F99C0B50008871F /* WPay */ = {
			isa = PBXNativeTarget;
			buildConfigurationList = ED6AD0F81F99C0B50008871F /* Build configuration list for PBXNativeTarget "WPay" */;
			buildPhases = (
				2848575FE376FD8927C281E2 /* [CP] Check Pods Manifest.lock */,
				ED49FA451FA1BF57007BBC4B /* ShellScript */,
				ED6AD0CC1F99C0B50008871F /* Sources */,
				ED6AD0CD1F99C0B50008871F /* Frameworks */,
				ED6AD0CE1F99C0B50008871F /* Resources */,
				C0E0531EC80A71390A7A1073 /* [CP] Embed Pods Frameworks */,
				1D69F6918735DEADC294418C /* [CP] Copy Pods Resources */,
			);
			buildRules = (
			);
			dependencies = (
			);
			name = WPay;
			productName = WPay;
			productReference = ED6AD0D01F99C0B50008871F /* WPay.app */;
			productType = "com.apple.product-type.application";
		};
		ED6AD0E31F99C0B50008871F /* WPayTests */ = {
			isa = PBXNativeTarget;
			buildConfigurationList = ED6AD0FB1F99C0B50008871F /* Build configuration list for PBXNativeTarget "WPayTests" */;
			buildPhases = (
				ED6AD0E01F99C0B50008871F /* Sources */,
				ED6AD0E11F99C0B50008871F /* Frameworks */,
				ED6AD0E21F99C0B50008871F /* Resources */,
			);
			buildRules = (
			);
			dependencies = (
				ED6AD0E61F99C0B50008871F /* PBXTargetDependency */,
			);
			name = WPayTests;
			productName = WPayTests;
			productReference = ED6AD0E41F99C0B50008871F /* WPayTests.xctest */;
			productType = "com.apple.product-type.bundle.unit-test";
		};
		ED6AD0EE1F99C0B50008871F /* WPayUITests */ = {
			isa = PBXNativeTarget;
			buildConfigurationList = ED6AD0FE1F99C0B50008871F /* Build configuration list for PBXNativeTarget "WPayUITests" */;
			buildPhases = (
				ED6AD0EB1F99C0B50008871F /* Sources */,
				ED6AD0EC1F99C0B50008871F /* Frameworks */,
				ED6AD0ED1F99C0B50008871F /* Resources */,
			);
			buildRules = (
			);
			dependencies = (
				ED6AD0F11F99C0B50008871F /* PBXTargetDependency */,
			);
			name = WPayUITests;
			productName = WPayUITests;
			productReference = ED6AD0EF1F99C0B50008871F /* WPayUITests.xctest */;
			productType = "com.apple.product-type.bundle.ui-testing";
		};
/* End PBXNativeTarget section */

/* Begin PBXProject section */
		ED6AD0C81F99C0B50008871F /* Project object */ = {
			isa = PBXProject;
			attributes = {
				LastSwiftUpdateCheck = 0900;
				LastUpgradeCheck = 0900;
				ORGANIZATIONNAME = "--";
				TargetAttributes = {
					ED6AD0CF1F99C0B50008871F = {
						CreatedOnToolsVersion = 9.0;
						ProvisioningStyle = Manual;
					};
					ED6AD0E31F99C0B50008871F = {
						CreatedOnToolsVersion = 9.0;
						ProvisioningStyle = Automatic;
						TestTargetID = ED6AD0CF1F99C0B50008871F;
					};
					ED6AD0EE1F99C0B50008871F = {
						CreatedOnToolsVersion = 9.0;
						ProvisioningStyle = Automatic;
						TestTargetID = ED6AD0CF1F99C0B50008871F;
					};
				};
			};
			buildConfigurationList = ED6AD0CB1F99C0B50008871F /* Build configuration list for PBXProject "WPay" */;
			compatibilityVersion = "Xcode 8.0";
			developmentRegion = en;
			hasScannedForEncodings = 0;
			knownRegions = (
				en,
				Base,
			);
			mainGroup = ED6AD0C71F99C0B50008871F;
			productRefGroup = ED6AD0D11F99C0B50008871F /* Products */;
			projectDirPath = "";
			projectRoot = "";
			targets = (
				ED6AD0CF1F99C0B50008871F /* WPay */,
				ED6AD0E31F99C0B50008871F /* WPayTests */,
				ED6AD0EE1F99C0B50008871F /* WPayUITests */,
			);
		};
/* End PBXProject section */

/* Begin PBXResourcesBuildPhase section */
		ED6AD0CE1F99C0B50008871F /* Resources */ = {
			isa = PBXResourcesBuildPhase;
			buildActionMask = 2147483647;
			files = (
				ED0D48F01FAC4E8F0062A3BE /* MaterialOrderCell.xib in Resources */,
				ED6FAA101FA99F770015D962 /* DesignerProductDetailVC.xib in Resources */,
				ED8AB0421FAB5034001CFAE7 /* InsuranceVC.xib in Resources */,
				EDA596A41FA9E78700EFA982 /* img165719ab05c30d4.jpg in Resources */,
				ED0D48E81FAC40670062A3BE /* MaterialBuyVC.xib in Resources */,
				ED6AD0DE1F99C0B50008871F /* LaunchScreen.storyboard in Resources */,
				ED6AD0DB1F99C0B50008871F /* Assets.xcassets in Resources */,
				EDD2B1681FA2C74100EFBC8D /* AlipaySDK.bundle in Resources */,
				ED8AB0401FAB502A001CFAE7 /* EnsureInsuranceVC.xib in Resources */,
				ED8AB0701FAB5AB8001CFAE7 /* MaterialVC.xib in Resources */,
				ED28E4F31FA1B46700ADFB2C /* HUDView.xib in Resources */,
				ED8AB0461FAB505F001CFAE7 /* InsuranceInfoCell.xib in Resources */,
				ED28E4E41FA1B1BB00ADFB2C /* ApplePurchaseVController.xib in Resources */,
				ED0D48EC1FAC4DD80062A3BE /* MaterialOrderVC.xib in Resources */,
				ED0D48E41FAC17880062A3BE /* MaterialItemCell.xib in Resources */,
				ED8AB0481FAB5068001CFAE7 /* InsuranceTtitleCell.xib in Resources */,
				ED8AB0751FAB5DBD001CFAE7 /* MaterialListCell.xib in Resources */,
				ED0D48E01FAC17250062A3BE /* MaterialSelectVC.xib in Resources */,
				ED67B7D41FAC5CB800533AAC /* CommentVC.xib in Resources */,
				ED9421D21FA706DB00DBC8AF /* AddMorePersonVC.xib in Resources */,
				EDA5969A1FA9CFB400EFA982 /* AutoImageCell.xib in Resources */,
				ED9421CE1FA706BF00DBC8AF /* AddMorePersonCell.xib in Resources */,
				ED28E4F51FA1B46D00ADFB2C /* Toast.xib in Resources */,
				ED6AD0D91F99C0B50008871F /* Main.storyboard in Resources */,
				EDA596A21FA9E3A400EFA982 /* img17577f745777a97.jpg in Resources */,
				ED8AB0441FAB5041001CFAE7 /* InsuranceEditCell.xib in Resources */,
				ED8AB04A1FAB5070001CFAE7 /* InsurantPersonInfoCell.xib in Resources */,
				EDA596B21FA9F73E00EFA982 /* AutoTextCell.xib in Resources */,
			);
			runOnlyForDeploymentPostprocessing = 0;
		};
		ED6AD0E21F99C0B50008871F /* Resources */ = {
			isa = PBXResourcesBuildPhase;
			buildActionMask = 2147483647;
			files = (
			);
			runOnlyForDeploymentPostprocessing = 0;
		};
		ED6AD0ED1F99C0B50008871F /* Resources */ = {
			isa = PBXResourcesBuildPhase;
			buildActionMask = 2147483647;
			files = (
			);
			runOnlyForDeploymentPostprocessing = 0;
		};
/* End PBXResourcesBuildPhase section */

/* Begin PBXShellScriptBuildPhase section */
		1D69F6918735DEADC294418C /* [CP] Copy Pods Resources */ = {
			isa = PBXShellScriptBuildPhase;
			buildActionMask = 2147483647;
			files = (
			);
			inputPaths = (
			);
			name = "[CP] Copy Pods Resources";
			outputPaths = (
			);
			runOnlyForDeploymentPostprocessing = 0;
			shellPath = /bin/sh;
			shellScript = "\"${SRCROOT}/Pods/Target Support Files/Pods-WPay/Pods-WPay-resources.sh\"\n";
			showEnvVarsInLog = 0;
		};
		2848575FE376FD8927C281E2 /* [CP] Check Pods Manifest.lock */ = {
			isa = PBXShellScriptBuildPhase;
			buildActionMask = 2147483647;
			files = (
			);
			inputPaths = (
				"${PODS_PODFILE_DIR_PATH}/Podfile.lock",
				"${PODS_ROOT}/Manifest.lock",
			);
			name = "[CP] Check Pods Manifest.lock";
			outputPaths = (
				"$(DERIVED_FILE_DIR)/Pods-WPay-checkManifestLockResult.txt",
			);
			runOnlyForDeploymentPostprocessing = 0;
			shellPath = /bin/sh;
			shellScript = "diff \"${PODS_PODFILE_DIR_PATH}/Podfile.lock\" \"${PODS_ROOT}/Manifest.lock\" > /dev/null\nif [ $? != 0 ] ; then\n    # print error to STDERR\n    echo \"error: The sandbox is not in sync with the Podfile.lock. Run 'pod install' or update your CocoaPods installation.\" >&2\n    exit 1\nfi\n# This output is used by Xcode 'outputs' to avoid re-running this script phase.\necho \"SUCCESS\" > \"${SCRIPT_OUTPUT_FILE_0}\"\n";
			showEnvVarsInLog = 0;
		};
		C0E0531EC80A71390A7A1073 /* [CP] Embed Pods Frameworks */ = {
			isa = PBXShellScriptBuildPhase;
			buildActionMask = 2147483647;
			files = (
			);
			inputPaths = (
				"${SRCROOT}/Pods/Target Support Files/Pods-WPay/Pods-WPay-frameworks.sh",
				"${BUILT_PRODUCTS_DIR}/Format/Format.framework",
				"${BUILT_PRODUCTS_DIR}/HCSStarRatingView/HCSStarRatingView.framework",
				"${BUILT_PRODUCTS_DIR}/InputKit/InputKit.framework",
				"${BUILT_PRODUCTS_DIR}/R.swift.Library/Rswift.framework",
				"${BUILT_PRODUCTS_DIR}/RxSwift/RxSwift.framework",
			);
			name = "[CP] Embed Pods Frameworks";
			outputPaths = (
				"${TARGET_BUILD_DIR}/${FRAMEWORKS_FOLDER_PATH}/Format.framework",
				"${TARGET_BUILD_DIR}/${FRAMEWORKS_FOLDER_PATH}/HCSStarRatingView.framework",
				"${TARGET_BUILD_DIR}/${FRAMEWORKS_FOLDER_PATH}/InputKit.framework",
				"${TARGET_BUILD_DIR}/${FRAMEWORKS_FOLDER_PATH}/Rswift.framework",
				"${TARGET_BUILD_DIR}/${FRAMEWORKS_FOLDER_PATH}/RxSwift.framework",
			);
			runOnlyForDeploymentPostprocessing = 0;
			shellPath = /bin/sh;
			shellScript = "\"${SRCROOT}/Pods/Target Support Files/Pods-WPay/Pods-WPay-frameworks.sh\"\n";
			showEnvVarsInLog = 0;
		};
		ED49FA451FA1BF57007BBC4B /* ShellScript */ = {
			isa = PBXShellScriptBuildPhase;
			buildActionMask = 2147483647;
			files = (
			);
			inputPaths = (
			);
			outputPaths = (
			);
			runOnlyForDeploymentPostprocessing = 0;
			shellPath = /bin/sh;
			shellScript = "\"$PODS_ROOT/R.swift/rswift\" \"$SRCROOT/WPay/SupportingFiles\"";
		};
/* End PBXShellScriptBuildPhase section */

/* Begin PBXSourcesBuildPhase section */
		ED6AD0CC1F99C0B50008871F /* Sources */ = {
			isa = PBXSourcesBuildPhase;
			buildActionMask = 2147483647;
			files = (
				ED67B7D31FAC5CB800533AAC /* CommentVC.swift in Sources */,
				ED8AB0241FAA1772001CFAE7 /* ConfigManager.swift in Sources */,
				ED8AB06F1FAB5AB8001CFAE7 /* MaterialVC.swift in Sources */,
				ED8AB0491FAB506B001CFAE7 /* InsurantPersonInfoCell.swift in Sources */,
				ED8AB05E1FAB5679001CFAE7 /* MenuView.swift in Sources */,
				ED8AB0641FAB5826001CFAE7 /* MenuItemMultipliable.swift in Sources */,
				ED8AB0691FAB5826001CFAE7 /* PageLoadable.swift in Sources */,
				ED28E4E31FA1B1B300ADFB2C /* ApplePurchaseVController.swift in Sources */,
				ED8AB05F1FAB567C001CFAE7 /* PagingMenuController.swift in Sources */,
				ED0D48E71FAC40670062A3BE /* MaterialBuyVC.swift in Sources */,
				ED8AB0661FAB5826001CFAE7 /* MenuViewCustomizable.swift in Sources */,
				ED6AD0D61F99C0B50008871F /* ViewController.swift in Sources */,
				ED8AB05D1FAB5676001CFAE7 /* MenuItemView.swift in Sources */,
				ED28E4F21FA1B46400ADFB2C /* HUDView.swift in Sources */,
				ED8AB0411FAB502F001CFAE7 /* InsuranceVC.swift in Sources */,
				ED8AB0451FAB505B001CFAE7 /* InsuranceInfoCell.swift in Sources */,
				ED8AB0601FAB567F001CFAE7 /* PagingMenuOptions.swift in Sources */,
				ED8AB0651FAB5826001CFAE7 /* MenuItemViewCustomizable.swift in Sources */,
				ED28E4DF1FA1B0AC00ADFB2C /* IAPManager.m in Sources */,
				ED8AB03F1FAB5021001CFAE7 /* EnsureInsuranceVC.swift in Sources */,
				EDD2B16E1FA2C75900EFBC8D /* NSDataEx.m in Sources */,
				ED6628921FA85C7E00ECBE25 /* R.generated.swift in Sources */,
				ED0D48EF1FAC4E8F0062A3BE /* MaterialOrderCell.swift in Sources */,
				ED6FAA0F1FA99F770015D962 /* DesignerProductDetailVC.swift in Sources */,
				ED6AD0D41F99C0B50008871F /* AppDelegate.swift in Sources */,
				ED8AB0671FAB5826001CFAE7 /* Pagable.swift in Sources */,
				ED9421D11FA706DB00DBC8AF /* AddMorePersonVC.swift in Sources */,
				ED8AB0431FAB503C001CFAE7 /* InsuranceEditCell.swift in Sources */,
				ED0D48DF1FAC17250062A3BE /* MaterialSelectVC.swift in Sources */,
				ED8AB0621FAB581D001CFAE7 /* GestureHandler.swift in Sources */,
				EDA596AC1FA9F32B00EFA982 /* AspectFitImageView.m in Sources */,
				EDD2B16C1FA2C75200EFBC8D /* Order.m in Sources */,
				ED28E4E01FA1B0B000ADFB2C /* SandBoxHelper.m in Sources */,
				ED8AB0611FAB5683001CFAE7 /* PagingViewController.swift in Sources */,
				ED9421CD1FA706BF00DBC8AF /* AddMorePersonCell.swift in Sources */,
				ED8AB0471FAB5062001CFAE7 /* InsuranceTtitleCell.swift in Sources */,
				EDD2B16D1FA2C75600EFBC8D /* base64.m in Sources */,
				EDD2B1711FA2C76200EFBC8D /* RSADataVerifier.m in Sources */,
				EDD2B1671FA2C73C00EFBC8D /* AliPayManager.swift in Sources */,
				EDD2B16F1FA2C75C00EFBC8D /* openssl_wrapper.m in Sources */,
				ED8AB0741FAB5DBD001CFAE7 /* MaterialListCell.swift in Sources */,
				ED8AB0631FAB5826001CFAE7 /* LabelSizeCalculatable.swift in Sources */,
				ED8AB06C1FAB5826001CFAE7 /* ViewCleanable.swift in Sources */,
				ED0D48EB1FAC4DD80062A3BE /* MaterialOrderVC.swift in Sources */,
				ED0D48E31FAC17880062A3BE /* MaterialItemCell.swift in Sources */,
				EDBC9BAC1FA858B60097DDE8 /* PersonModel.swift in Sources */,
				EDD2B1701FA2C75F00EFBC8D /* RSADataSigner.m in Sources */,
				ED8AB0681FAB5826001CFAE7 /* PageDetectable.swift in Sources */,
				EDA596B11FA9F73E00EFA982 /* AutoTextCell.swift in Sources */,
				ED8AB06B1FAB5826001CFAE7 /* PagingValidator.swift in Sources */,
				EDA596991FA9CFAE00EFA982 /* AutoImageCell.swift in Sources */,
				ED8AB06A1FAB5826001CFAE7 /* PagingMenuControllerCustomizable.swift in Sources */,
				ED28E4F41FA1B46A00ADFB2C /* Toast.swift in Sources */,
			);
			runOnlyForDeploymentPostprocessing = 0;
		};
		ED6AD0E01F99C0B50008871F /* Sources */ = {
			isa = PBXSourcesBuildPhase;
			buildActionMask = 2147483647;
			files = (
				ED6AD0E91F99C0B50008871F /* WPayTests.swift in Sources */,
			);
			runOnlyForDeploymentPostprocessing = 0;
		};
		ED6AD0EB1F99C0B50008871F /* Sources */ = {
			isa = PBXSourcesBuildPhase;
			buildActionMask = 2147483647;
			files = (
				ED6AD0F41F99C0B50008871F /* WPayUITests.swift in Sources */,
			);
			runOnlyForDeploymentPostprocessing = 0;
		};
/* End PBXSourcesBuildPhase section */

/* Begin PBXTargetDependency section */
		ED6AD0E61F99C0B50008871F /* PBXTargetDependency */ = {
			isa = PBXTargetDependency;
			target = ED6AD0CF1F99C0B50008871F /* WPay */;
			targetProxy = ED6AD0E51F99C0B50008871F /* PBXContainerItemProxy */;
		};
		ED6AD0F11F99C0B50008871F /* PBXTargetDependency */ = {
			isa = PBXTargetDependency;
			target = ED6AD0CF1F99C0B50008871F /* WPay */;
			targetProxy = ED6AD0F01F99C0B50008871F /* PBXContainerItemProxy */;
		};
/* End PBXTargetDependency section */

/* Begin PBXVariantGroup section */
		ED6AD0D71F99C0B50008871F /* Main.storyboard */ = {
			isa = PBXVariantGroup;
			children = (
				ED6AD0D81F99C0B50008871F /* Base */,
			);
			name = Main.storyboard;
			sourceTree = "<group>";
		};
		ED6AD0DC1F99C0B50008871F /* LaunchScreen.storyboard */ = {
			isa = PBXVariantGroup;
			children = (
				ED6AD0DD1F99C0B50008871F /* Base */,
			);
			name = LaunchScreen.storyboard;
			sourceTree = "<group>";
		};
/* End PBXVariantGroup section */

/* Begin XCBuildConfiguration section */
		ED6AD0F61F99C0B50008871F /* Debug */ = {
			isa = XCBuildConfiguration;
			buildSettings = {
				ALWAYS_SEARCH_USER_PATHS = NO;
				CLANG_ANALYZER_NONNULL = YES;
				CLANG_ANALYZER_NUMBER_OBJECT_CONVERSION = YES_AGGRESSIVE;
				CLANG_CXX_LANGUAGE_STANDARD = "gnu++14";
				CLANG_CXX_LIBRARY = "libc++";
				CLANG_ENABLE_MODULES = YES;
				CLANG_ENABLE_OBJC_ARC = YES;
				CLANG_WARN_BLOCK_CAPTURE_AUTORELEASING = YES;
				CLANG_WARN_BOOL_CONVERSION = YES;
				CLANG_WARN_COMMA = YES;
				CLANG_WARN_CONSTANT_CONVERSION = YES;
				CLANG_WARN_DIRECT_OBJC_ISA_USAGE = YES_ERROR;
				CLANG_WARN_DOCUMENTATION_COMMENTS = YES;
				CLANG_WARN_EMPTY_BODY = YES;
				CLANG_WARN_ENUM_CONVERSION = YES;
				CLANG_WARN_INFINITE_RECURSION = YES;
				CLANG_WARN_INT_CONVERSION = YES;
				CLANG_WARN_NON_LITERAL_NULL_CONVERSION = YES;
				CLANG_WARN_OBJC_LITERAL_CONVERSION = YES;
				CLANG_WARN_OBJC_ROOT_CLASS = YES_ERROR;
				CLANG_WARN_RANGE_LOOP_ANALYSIS = YES;
				CLANG_WARN_STRICT_PROTOTYPES = YES;
				CLANG_WARN_SUSPICIOUS_MOVE = YES;
				CLANG_WARN_UNGUARDED_AVAILABILITY = YES_AGGRESSIVE;
				CLANG_WARN_UNREACHABLE_CODE = YES;
				CLANG_WARN__DUPLICATE_METHOD_MATCH = YES;
				CODE_SIGN_IDENTITY = "iPhone Developer";
				COPY_PHASE_STRIP = NO;
				DEBUG_INFORMATION_FORMAT = dwarf;
				ENABLE_STRICT_OBJC_MSGSEND = YES;
				ENABLE_TESTABILITY = YES;
				GCC_C_LANGUAGE_STANDARD = gnu11;
				GCC_DYNAMIC_NO_PIC = NO;
				GCC_NO_COMMON_BLOCKS = YES;
				GCC_OPTIMIZATION_LEVEL = 0;
				GCC_PREPROCESSOR_DEFINITIONS = (
					"DEBUG=1",
					"$(inherited)",
				);
				GCC_WARN_64_TO_32_BIT_CONVERSION = YES;
				GCC_WARN_ABOUT_RETURN_TYPE = YES_ERROR;
				GCC_WARN_UNDECLARED_SELECTOR = YES;
				GCC_WARN_UNINITIALIZED_AUTOS = YES_AGGRESSIVE;
				GCC_WARN_UNUSED_FUNCTION = YES;
				GCC_WARN_UNUSED_VARIABLE = YES;
				IPHONEOS_DEPLOYMENT_TARGET = 11.0;
				MTL_ENABLE_DEBUG_INFO = YES;
				ONLY_ACTIVE_ARCH = YES;
				SDKROOT = iphoneos;
				SWIFT_ACTIVE_COMPILATION_CONDITIONS = DEBUG;
				SWIFT_OPTIMIZATION_LEVEL = "-Onone";
			};
			name = Debug;
		};
		ED6AD0F71F99C0B50008871F /* Release */ = {
			isa = XCBuildConfiguration;
			buildSettings = {
				ALWAYS_SEARCH_USER_PATHS = NO;
				CLANG_ANALYZER_NONNULL = YES;
				CLANG_ANALYZER_NUMBER_OBJECT_CONVERSION = YES_AGGRESSIVE;
				CLANG_CXX_LANGUAGE_STANDARD = "gnu++14";
				CLANG_CXX_LIBRARY = "libc++";
				CLANG_ENABLE_MODULES = YES;
				CLANG_ENABLE_OBJC_ARC = YES;
				CLANG_WARN_BLOCK_CAPTURE_AUTORELEASING = YES;
				CLANG_WARN_BOOL_CONVERSION = YES;
				CLANG_WARN_COMMA = YES;
				CLANG_WARN_CONSTANT_CONVERSION = YES;
				CLANG_WARN_DIRECT_OBJC_ISA_USAGE = YES_ERROR;
				CLANG_WARN_DOCUMENTATION_COMMENTS = YES;
				CLANG_WARN_EMPTY_BODY = YES;
				CLANG_WARN_ENUM_CONVERSION = YES;
				CLANG_WARN_INFINITE_RECURSION = YES;
				CLANG_WARN_INT_CONVERSION = YES;
				CLANG_WARN_NON_LITERAL_NULL_CONVERSION = YES;
				CLANG_WARN_OBJC_LITERAL_CONVERSION = YES;
				CLANG_WARN_OBJC_ROOT_CLASS = YES_ERROR;
				CLANG_WARN_RANGE_LOOP_ANALYSIS = YES;
				CLANG_WARN_STRICT_PROTOTYPES = YES;
				CLANG_WARN_SUSPICIOUS_MOVE = YES;
				CLANG_WARN_UNGUARDED_AVAILABILITY = YES_AGGRESSIVE;
				CLANG_WARN_UNREACHABLE_CODE = YES;
				CLANG_WARN__DUPLICATE_METHOD_MATCH = YES;
				CODE_SIGN_IDENTITY = "iPhone Developer";
				COPY_PHASE_STRIP = NO;
				DEBUG_INFORMATION_FORMAT = "dwarf-with-dsym";
				ENABLE_NS_ASSERTIONS = NO;
				ENABLE_STRICT_OBJC_MSGSEND = YES;
				GCC_C_LANGUAGE_STANDARD = gnu11;
				GCC_NO_COMMON_BLOCKS = YES;
				GCC_WARN_64_TO_32_BIT_CONVERSION = YES;
				GCC_WARN_ABOUT_RETURN_TYPE = YES_ERROR;
				GCC_WARN_UNDECLARED_SELECTOR = YES;
				GCC_WARN_UNINITIALIZED_AUTOS = YES_AGGRESSIVE;
				GCC_WARN_UNUSED_FUNCTION = YES;
				GCC_WARN_UNUSED_VARIABLE = YES;
				IPHONEOS_DEPLOYMENT_TARGET = 11.0;
				MTL_ENABLE_DEBUG_INFO = NO;
				SDKROOT = iphoneos;
				SWIFT_OPTIMIZATION_LEVEL = "-Owholemodule";
				VALIDATE_PRODUCT = YES;
			};
			name = Release;
		};
		ED6AD0F91F99C0B50008871F /* Debug */ = {
			isa = XCBuildConfiguration;
			baseConfigurationReference = A43120BC1EDDABE25C2E9C25 /* Pods-WPay.debug.xcconfig */;
			buildSettings = {
				ALWAYS_SEARCH_USER_PATHS = NO;
				ASSETCATALOG_COMPILER_APPICON_NAME = AppIcon;
				"CODE_SIGN_IDENTITY[sdk=iphoneos*]" = "iPhone Developer";
				CODE_SIGN_STYLE = Manual;
				DEVELOPMENT_TEAM = 8BTUS4V99A;
				FRAMEWORK_SEARCH_PATHS = (
					"$(inherited)",
					"$(PROJECT_DIR)/WPay/AliSDK",
					"$(PROJECT_DIR)/WPay/ThirdParty/AliSDK",
				);
				HEADER_SEARCH_PATHS = (
					"$(inherited)",
					"\"${PODS_ROOT}/Headers/Public\"",
					"\"${PODS_ROOT}/Headers/Public/R.swift\"",
					"\"$(SRCROOT)/WPay/ThirdParty/AliSDK\"",
				);
				INFOPLIST_FILE = WPay/SupportingFiles/Info.plist;
				IPHONEOS_DEPLOYMENT_TARGET = 9.0;
				LD_RUNPATH_SEARCH_PATHS = "$(inherited) @executable_path/Frameworks";
				LIBRARY_SEARCH_PATHS = (
					"$(inherited)",
					"$(PROJECT_DIR)/WPay/AliSDK",
					"$(PROJECT_DIR)/WPay/ThirdParty/AliSDK",
				);
				PRODUCT_BUNDLE_IDENTIFIER = com.rjs.liuliu;
				PRODUCT_NAME = "$(TARGET_NAME)";
				PROVISIONING_PROFILE = "9cffc549-c38c-44ce-97e7-825181a1e98e";
				PROVISIONING_PROFILE_SPECIFIER = "match Development com.rjs.liuliu";
				SWIFT_OBJC_BRIDGING_HEADER = "WPay/SupportingFiles/WPay-Bridging-Header.h";
				SWIFT_VERSION = 3.0;
				TARGETED_DEVICE_FAMILY = "1,2";
			};
			name = Debug;
		};
		ED6AD0FA1F99C0B50008871F /* Release */ = {
			isa = XCBuildConfiguration;
			baseConfigurationReference = 1D63645959CA2647BA043E6F /* Pods-WPay.release.xcconfig */;
			buildSettings = {
				ALWAYS_SEARCH_USER_PATHS = NO;
				ASSETCATALOG_COMPILER_APPICON_NAME = AppIcon;
				"CODE_SIGN_IDENTITY[sdk=iphoneos*]" = "iPhone Developer";
				CODE_SIGN_STYLE = Manual;
				DEVELOPMENT_TEAM = 8BTUS4V99A;
				FRAMEWORK_SEARCH_PATHS = (
					"$(inherited)",
					"$(PROJECT_DIR)/WPay/AliSDK",
					"$(PROJECT_DIR)/WPay/ThirdParty/AliSDK",
				);
				HEADER_SEARCH_PATHS = (
					"$(inherited)",
					"\"${PODS_ROOT}/Headers/Public\"",
					"\"${PODS_ROOT}/Headers/Public/R.swift\"",
					"\"$(SRCROOT)/WPay/ThirdParty/AliSDK\"",
				);
				INFOPLIST_FILE = WPay/SupportingFiles/Info.plist;
				IPHONEOS_DEPLOYMENT_TARGET = 9.0;
				LD_RUNPATH_SEARCH_PATHS = "$(inherited) @executable_path/Frameworks";
				LIBRARY_SEARCH_PATHS = (
					"$(inherited)",
					"$(PROJECT_DIR)/WPay/AliSDK",
					"$(PROJECT_DIR)/WPay/ThirdParty/AliSDK",
				);
				PRODUCT_BUNDLE_IDENTIFIER = com.rjs.liuliu;
				PRODUCT_NAME = "$(TARGET_NAME)";
				PROVISIONING_PROFILE = "9cffc549-c38c-44ce-97e7-825181a1e98e";
				PROVISIONING_PROFILE_SPECIFIER = "match Development com.rjs.liuliu";
				SWIFT_OBJC_BRIDGING_HEADER = "WPay/SupportingFiles/WPay-Bridging-Header.h";
				SWIFT_VERSION = 3.0;
				TARGETED_DEVICE_FAMILY = "1,2";
			};
			name = Release;
		};
		ED6AD0FC1F99C0B50008871F /* Debug */ = {
			isa = XCBuildConfiguration;
			buildSettings = {
				ALWAYS_EMBED_SWIFT_STANDARD_LIBRARIES = YES;
				BUNDLE_LOADER = "$(TEST_HOST)";
				CODE_SIGN_STYLE = Automatic;
				DEVELOPMENT_TEAM = 38952CQSTY;
				INFOPLIST_FILE = WPayTests/Info.plist;
				LD_RUNPATH_SEARCH_PATHS = "$(inherited) @executable_path/Frameworks @loader_path/Frameworks";
				PRODUCT_BUNDLE_IDENTIFIER = "--.WPayTests";
				PRODUCT_NAME = "$(TARGET_NAME)";
				SWIFT_VERSION = 4.0;
				TARGETED_DEVICE_FAMILY = "1,2";
				TEST_HOST = "$(BUILT_PRODUCTS_DIR)/WPay.app/WPay";
			};
			name = Debug;
		};
		ED6AD0FD1F99C0B50008871F /* Release */ = {
			isa = XCBuildConfiguration;
			buildSettings = {
				ALWAYS_EMBED_SWIFT_STANDARD_LIBRARIES = YES;
				BUNDLE_LOADER = "$(TEST_HOST)";
				CODE_SIGN_STYLE = Automatic;
				DEVELOPMENT_TEAM = 38952CQSTY;
				INFOPLIST_FILE = WPayTests/Info.plist;
				LD_RUNPATH_SEARCH_PATHS = "$(inherited) @executable_path/Frameworks @loader_path/Frameworks";
				PRODUCT_BUNDLE_IDENTIFIER = "--.WPayTests";
				PRODUCT_NAME = "$(TARGET_NAME)";
				SWIFT_VERSION = 4.0;
				TARGETED_DEVICE_FAMILY = "1,2";
				TEST_HOST = "$(BUILT_PRODUCTS_DIR)/WPay.app/WPay";
			};
			name = Release;
		};
		ED6AD0FF1F99C0B50008871F /* Debug */ = {
			isa = XCBuildConfiguration;
			buildSettings = {
				ALWAYS_EMBED_SWIFT_STANDARD_LIBRARIES = YES;
				CODE_SIGN_STYLE = Automatic;
				DEVELOPMENT_TEAM = 38952CQSTY;
				INFOPLIST_FILE = WPayUITests/Info.plist;
				LD_RUNPATH_SEARCH_PATHS = "$(inherited) @executable_path/Frameworks @loader_path/Frameworks";
				PRODUCT_BUNDLE_IDENTIFIER = "--.WPayUITests";
				PRODUCT_NAME = "$(TARGET_NAME)";
				SWIFT_VERSION = 4.0;
				TARGETED_DEVICE_FAMILY = "1,2";
				TEST_TARGET_NAME = WPay;
			};
			name = Debug;
		};
		ED6AD1001F99C0B50008871F /* Release */ = {
			isa = XCBuildConfiguration;
			buildSettings = {
				ALWAYS_EMBED_SWIFT_STANDARD_LIBRARIES = YES;
				CODE_SIGN_STYLE = Automatic;
				DEVELOPMENT_TEAM = 38952CQSTY;
				INFOPLIST_FILE = WPayUITests/Info.plist;
				LD_RUNPATH_SEARCH_PATHS = "$(inherited) @executable_path/Frameworks @loader_path/Frameworks";
				PRODUCT_BUNDLE_IDENTIFIER = "--.WPayUITests";
				PRODUCT_NAME = "$(TARGET_NAME)";
				SWIFT_VERSION = 4.0;
				TARGETED_DEVICE_FAMILY = "1,2";
				TEST_TARGET_NAME = WPay;
			};
			name = Release;
		};
/* End XCBuildConfiguration section */

/* Begin XCConfigurationList section */
		ED6AD0CB1F99C0B50008871F /* Build configuration list for PBXProject "WPay" */ = {
			isa = XCConfigurationList;
			buildConfigurations = (
				ED6AD0F61F99C0B50008871F /* Debug */,
				ED6AD0F71F99C0B50008871F /* Release */,
			);
			defaultConfigurationIsVisible = 0;
			defaultConfigurationName = Release;
		};
		ED6AD0F81F99C0B50008871F /* Build configuration list for PBXNativeTarget "WPay" */ = {
			isa = XCConfigurationList;
			buildConfigurations = (
				ED6AD0F91F99C0B50008871F /* Debug */,
				ED6AD0FA1F99C0B50008871F /* Release */,
			);
			defaultConfigurationIsVisible = 0;
			defaultConfigurationName = Release;
		};
		ED6AD0FB1F99C0B50008871F /* Build configuration list for PBXNativeTarget "WPayTests" */ = {
			isa = XCConfigurationList;
			buildConfigurations = (
				ED6AD0FC1F99C0B50008871F /* Debug */,
				ED6AD0FD1F99C0B50008871F /* Release */,
			);
			defaultConfigurationIsVisible = 0;
			defaultConfigurationName = Release;
		};
		ED6AD0FE1F99C0B50008871F /* Build configuration list for PBXNativeTarget "WPayUITests" */ = {
			isa = XCConfigurationList;
			buildConfigurations = (
				ED6AD0FF1F99C0B50008871F /* Debug */,
				ED6AD1001F99C0B50008871F /* Release */,
			);
			defaultConfigurationIsVisible = 0;
			defaultConfigurationName = Release;
		};
/* End XCConfigurationList section */
	};
	rootObject = ED6AD0C81F99C0B50008871F /* Project object */;
}
